// !$*UTF8*$!
{
	archiveVersion = 1;
	classes = {
	};
	objectVersion = 48;
	objects = {

/* Begin PBXBuildFile section */
		821CDFC21F79E37200CC0AED /* AppDelegate.m in Sources */ = {isa = PBXBuildFile; fileRef = 821CDFC11F79E37200CC0AED /* AppDelegate.m */; };
		821CDFC81F79E37200CC0AED /* Main.storyboard in Resources */ = {isa = PBXBuildFile; fileRef = 821CDFC61F79E37200CC0AED /* Main.storyboard */; };
		821CDFCB1F79E37200CC0AED /* ProjectFrame.xcdatamodeld in Sources */ = {isa = PBXBuildFile; fileRef = 821CDFC91F79E37200CC0AED /* ProjectFrame.xcdatamodeld */; };
		821CDFCD1F79E37200CC0AED /* Assets.xcassets in Resources */ = {isa = PBXBuildFile; fileRef = 821CDFCC1F79E37200CC0AED /* Assets.xcassets */; };
		821CDFD01F79E37200CC0AED /* LaunchScreen.storyboard in Resources */ = {isa = PBXBuildFile; fileRef = 821CDFCE1F79E37200CC0AED /* LaunchScreen.storyboard */; };
		821CDFD31F79E37200CC0AED /* main.m in Sources */ = {isa = PBXBuildFile; fileRef = 821CDFD21F79E37200CC0AED /* main.m */; };
		821CDFDD1F79E37200CC0AED /* ProjectFrameTests.m in Sources */ = {isa = PBXBuildFile; fileRef = 821CDFDC1F79E37200CC0AED /* ProjectFrameTests.m */; };
		821CDFE81F79E37200CC0AED /* ProjectFrameUITests.m in Sources */ = {isa = PBXBuildFile; fileRef = 821CDFE71F79E37200CC0AED /* ProjectFrameUITests.m */; };
		821CE0431F79E87400CC0AED /* MSUtil.m in Sources */ = {isa = PBXBuildFile; fileRef = 821CE0421F79E87400CC0AED /* MSUtil.m */; };
		821CE0471F79EA1600CC0AED /* BaseNavigationController.m in Sources */ = {isa = PBXBuildFile; fileRef = 821CE0461F79EA1600CC0AED /* BaseNavigationController.m */; };
		821CE04A1F79EA2F00CC0AED /* BaseViewController.m in Sources */ = {isa = PBXBuildFile; fileRef = 821CE0491F79EA2F00CC0AED /* BaseViewController.m */; };
		821CE04D1F79EA6000CC0AED /* BaseWebViewController.m in Sources */ = {isa = PBXBuildFile; fileRef = 821CE04C1F79EA6000CC0AED /* BaseWebViewController.m */; };
		821CE0501F79EB1300CC0AED /* UIViewController+PopBlock.m in Sources */ = {isa = PBXBuildFile; fileRef = 821CE04F1F79EB1300CC0AED /* UIViewController+PopBlock.m */; };
		82C8E3F01F79FDF200514591 /* UIView+JDLExtension.m in Sources */ = {isa = PBXBuildFile; fileRef = 82C8E3EF1F79FDF200514591 /* UIView+JDLExtension.m */; };
		82C8E3F31F79FED600514591 /* UIBarButtonItem+JDLAddition.m in Sources */ = {isa = PBXBuildFile; fileRef = 82C8E3F21F79FED600514591 /* UIBarButtonItem+JDLAddition.m */; };
		82C8E3F51F7A014F00514591 /* MBProgressHUD+Show.m in Sources */ = {isa = PBXBuildFile; fileRef = 821CDFFC1F79E6BB00CC0AED /* MBProgressHUD+Show.m */; };
		82C8E3F61F7A015200514591 /* MBProgressHUD.m in Sources */ = {isa = PBXBuildFile; fileRef = 821CDFFF1F79E6BB00CC0AED /* MBProgressHUD.m */; };
		82C8E3FB1F7A018D00514591 /* UINavigationBar+alpha.m in Sources */ = {isa = PBXBuildFile; fileRef = 821CE0341F79E6BB00CC0AED /* UINavigationBar+alpha.m */; };
		82C8E3FC1F7A01BA00514591 /* MBProgressHUD.bundle in Resources */ = {isa = PBXBuildFile; fileRef = 821CDFFD1F79E6BB00CC0AED /* MBProgressHUD.bundle */; };
		82C8E3FD1F7A01CB00514591 /* TAAbstractDotView.m in Sources */ = {isa = PBXBuildFile; fileRef = 821CE0251F79E6BB00CC0AED /* TAAbstractDotView.m */; };
		82C8E3FE1F7A01CF00514591 /* TAAnimatedDotView.m in Sources */ = {isa = PBXBuildFile; fileRef = 821CE0271F79E6BB00CC0AED /* TAAnimatedDotView.m */; };
		82C8E3FF1F7A01D200514591 /* TADotView.m in Sources */ = {isa = PBXBuildFile; fileRef = 821CE0291F79E6BB00CC0AED /* TADotView.m */; };
		82C8E4001F7A01D500514591 /* TAPageControl.m in Sources */ = {isa = PBXBuildFile; fileRef = 821CE02B1F79E6BB00CC0AED /* TAPageControl.m */; };
		82C8E4011F7A01DA00514591 /* SDCollectionViewCell.m in Sources */ = {isa = PBXBuildFile; fileRef = 821CE02D1F79E6BB00CC0AED /* SDCollectionViewCell.m */; };
		82C8E4021F7A01DD00514591 /* SDCycleScrollView.m in Sources */ = {isa = PBXBuildFile; fileRef = 821CE02F1F79E6BB00CC0AED /* SDCycleScrollView.m */; };
		82C8E4031F7A01E000514591 /* UIView+SDExtension.m in Sources */ = {isa = PBXBuildFile; fileRef = 821CE0311F79E6BB00CC0AED /* UIView+SDExtension.m */; };
		82C8E4041F7A020600514591 /* MKAnnotationView+WebCache.m in Sources */ = {isa = PBXBuildFile; fileRef = 821CE0021F79E6BB00CC0AED /* MKAnnotationView+WebCache.m */; };
		82C8E4051F7A020900514591 /* NSData+ImageContentType.m in Sources */ = {isa = PBXBuildFile; fileRef = 821CE0041F79E6BB00CC0AED /* NSData+ImageContentType.m */; };
		82C8E4061F7A020C00514591 /* SDImageCache.m in Sources */ = {isa = PBXBuildFile; fileRef = 821CE0061F79E6BB00CC0AED /* SDImageCache.m */; };
		82C8E4071F7A020F00514591 /* SDWebImageCompat.m in Sources */ = {isa = PBXBuildFile; fileRef = 821CE0081F79E6BB00CC0AED /* SDWebImageCompat.m */; };
		82C8E4081F7A021200514591 /* SDWebImageDecoder.m in Sources */ = {isa = PBXBuildFile; fileRef = 821CE00A1F79E6BB00CC0AED /* SDWebImageDecoder.m */; };
		82C8E4091F7A021400514591 /* SDWebImageDownloader.m in Sources */ = {isa = PBXBuildFile; fileRef = 821CE00C1F79E6BB00CC0AED /* SDWebImageDownloader.m */; };
		82C8E40A1F7A021800514591 /* SDWebImageDownloaderOperation.m in Sources */ = {isa = PBXBuildFile; fileRef = 821CE00E1F79E6BB00CC0AED /* SDWebImageDownloaderOperation.m */; };
		82C8E40B1F7A021C00514591 /* SDWebImageManager.m in Sources */ = {isa = PBXBuildFile; fileRef = 821CE0101F79E6BB00CC0AED /* SDWebImageManager.m */; };
		82C8E40C1F7A022100514591 /* SDWebImagePrefetcher.m in Sources */ = {isa = PBXBuildFile; fileRef = 821CE0131F79E6BB00CC0AED /* SDWebImagePrefetcher.m */; };
		82C8E40D1F7A022400514591 /* UIButton+WebCache.m in Sources */ = {isa = PBXBuildFile; fileRef = 821CE0151F79E6BB00CC0AED /* UIButton+WebCache.m */; };
		82C8E40E1F7A022700514591 /* UIImage+GIF.m in Sources */ = {isa = PBXBuildFile; fileRef = 821CE0171F79E6BB00CC0AED /* UIImage+GIF.m */; };
		82C8E40F1F7A022900514591 /* UIImage+MultiFormat.m in Sources */ = {isa = PBXBuildFile; fileRef = 821CE0191F79E6BB00CC0AED /* UIImage+MultiFormat.m */; };
		82C8E4101F7A022B00514591 /* UIImage+WebP.m in Sources */ = {isa = PBXBuildFile; fileRef = 821CE01B1F79E6BB00CC0AED /* UIImage+WebP.m */; };
		82C8E4111F7A022D00514591 /* UIImageView+HighlightedWebCache.m in Sources */ = {isa = PBXBuildFile; fileRef = 821CE01D1F79E6BB00CC0AED /* UIImageView+HighlightedWebCache.m */; };
		82C8E4121F7A022F00514591 /* UIImageView+WebCache.m in Sources */ = {isa = PBXBuildFile; fileRef = 821CE01F1F79E6BB00CC0AED /* UIImageView+WebCache.m */; };
		82C8E4131F7A023200514591 /* UIView+WebCacheOperation.m in Sources */ = {isa = PBXBuildFile; fileRef = 821CE0211F79E6BB00CC0AED /* UIView+WebCacheOperation.m */; };
		82C8E41A1F7A03A500514591 /* Test4ViewController.m in Sources */ = {isa = PBXBuildFile; fileRef = 82C8E4191F7A03A500514591 /* Test4ViewController.m */; };
		82C8E41D1F7A03B700514591 /* Test3ViewController.m in Sources */ = {isa = PBXBuildFile; fileRef = 82C8E41C1F7A03B700514591 /* Test3ViewController.m */; };
		82C8E4201F7A03C100514591 /* Test2ViewController.m in Sources */ = {isa = PBXBuildFile; fileRef = 82C8E41F1F7A03C100514591 /* Test2ViewController.m */; };
		82C8E4231F7A03CA00514591 /* Test1ViewController.m in Sources */ = {isa = PBXBuildFile; fileRef = 82C8E4221F7A03CA00514591 /* Test1ViewController.m */; };
		82C8E4261F7A043600514591 /* JDLTabbarController.m in Sources */ = {isa = PBXBuildFile; fileRef = 82C8E4251F7A043600514591 /* JDLTabbarController.m */; };
		82C8E4361F7A109B00514591 /* CYLPlusButton.m in Sources */ = {isa = PBXBuildFile; fileRef = 82C8E42B1F7A108100514591 /* CYLPlusButton.m */; };
		82C8E4371F7A10A100514591 /* CYLTabBar.m in Sources */ = {isa = PBXBuildFile; fileRef = 82C8E4291F7A108100514591 /* CYLTabBar.m */; };
		82C8E4381F7A10A400514591 /* CYLTabBarController.m in Sources */ = {isa = PBXBuildFile; fileRef = 82C8E4341F7A108200514591 /* CYLTabBarController.m */; };
		82C8E4391F7A10A600514591 /* UIControl+CYLTabBarControllerExtention.m in Sources */ = {isa = PBXBuildFile; fileRef = 82C8E4321F7A108200514591 /* UIControl+CYLTabBarControllerExtention.m */; };
		82C8E43A1F7A10A900514591 /* UITabBarItem+CYLTabBarControllerExtention.m in Sources */ = {isa = PBXBuildFile; fileRef = 82C8E4311F7A108200514591 /* UITabBarItem+CYLTabBarControllerExtention.m */; };
		82C8E43B1F7A10AC00514591 /* UIView+CYLTabBarControllerExtention.m in Sources */ = {isa = PBXBuildFile; fileRef = 82C8E42A1F7A108100514591 /* UIView+CYLTabBarControllerExtention.m */; };
		82C8E43C1F7A10B000514591 /* UIViewController+CYLTabBarControllerExtention.m in Sources */ = {isa = PBXBuildFile; fileRef = 82C8E4351F7A108200514591 /* UIViewController+CYLTabBarControllerExtention.m */; };
		82C8E43F1F7A186300514591 /* JDLTabbarPlusButton.m in Sources */ = {isa = PBXBuildFile; fileRef = 82C8E43E1F7A186300514591 /* JDLTabbarPlusButton.m */; };
		82C8E4421F7A342100514591 /* AppDelegate+AppService.m in Sources */ = {isa = PBXBuildFile; fileRef = 82C8E4411F7A342100514591 /* AppDelegate+AppService.m */; };
		82C8E4481F7A3BE700514591 /* AppDelegate+PushService.m in Sources */ = {isa = PBXBuildFile; fileRef = 82C8E4471F7A3BE700514591 /* AppDelegate+PushService.m */; };
		82C8E47A1F7A4FBB00514591 /* MJRefresh.bundle in Resources */ = {isa = PBXBuildFile; fileRef = 82C8E46E1F7A4F8000514591 /* MJRefresh.bundle */; };
		82C8E47B1F7A4FC100514591 /* MJRefreshConst.m in Sources */ = {isa = PBXBuildFile; fileRef = 82C8E4711F7A4F8000514591 /* MJRefreshConst.m */; };
		82C8E47C1F7A4FC300514591 /* NSBundle+MJRefresh.m in Sources */ = {isa = PBXBuildFile; fileRef = 82C8E4731F7A4F8000514591 /* NSBundle+MJRefresh.m */; };
		82C8E47D1F7A4FC700514591 /* UIScrollView+MJExtension.m in Sources */ = {isa = PBXBuildFile; fileRef = 82C8E4751F7A4F8000514591 /* UIScrollView+MJExtension.m */; };
		82C8E47E1F7A4FC900514591 /* UIScrollView+MJRefresh.m in Sources */ = {isa = PBXBuildFile; fileRef = 82C8E4771F7A4F8000514591 /* UIScrollView+MJRefresh.m */; };
		82C8E47F1F7A4FCD00514591 /* UIView+MJExtension.m in Sources */ = {isa = PBXBuildFile; fileRef = 82C8E4791F7A4F8000514591 /* UIView+MJExtension.m */; };
		82C8E4801F7A4FDC00514591 /* MJRefreshAutoGifFooter.m in Sources */ = {isa = PBXBuildFile; fileRef = 82C8E45B1F7A4F8000514591 /* MJRefreshAutoGifFooter.m */; };
		82C8E4811F7A4FDF00514591 /* MJRefreshAutoNormalFooter.m in Sources */ = {isa = PBXBuildFile; fileRef = 82C8E45D1F7A4F8000514591 /* MJRefreshAutoNormalFooter.m */; };
		82C8E4821F7A4FE200514591 /* MJRefreshAutoStateFooter.m in Sources */ = {isa = PBXBuildFile; fileRef = 82C8E45F1F7A4F8000514591 /* MJRefreshAutoStateFooter.m */; };
		82C8E4831F7A4FEA00514591 /* MJRefreshBackGifFooter.m in Sources */ = {isa = PBXBuildFile; fileRef = 82C8E4621F7A4F8000514591 /* MJRefreshBackGifFooter.m */; };
		82C8E4841F7A4FEC00514591 /* MJRefreshBackNormalFooter.m in Sources */ = {isa = PBXBuildFile; fileRef = 82C8E4641F7A4F8000514591 /* MJRefreshBackNormalFooter.m */; };
		82C8E4851F7A4FEE00514591 /* MJRefreshBackStateFooter.m in Sources */ = {isa = PBXBuildFile; fileRef = 82C8E4661F7A4F8000514591 /* MJRefreshBackStateFooter.m */; };
		82C8E4861F7A4FF500514591 /* MJRefreshGifHeader.m in Sources */ = {isa = PBXBuildFile; fileRef = 82C8E4691F7A4F8000514591 /* MJRefreshGifHeader.m */; };
		82C8E4871F7A4FF700514591 /* MJRefreshNormalHeader.m in Sources */ = {isa = PBXBuildFile; fileRef = 82C8E46B1F7A4F8000514591 /* MJRefreshNormalHeader.m */; };
		82C8E4881F7A4FFA00514591 /* MJRefreshStateHeader.m in Sources */ = {isa = PBXBuildFile; fileRef = 82C8E46D1F7A4F8000514591 /* MJRefreshStateHeader.m */; };
		82C8E4891F7A500200514591 /* MJRefreshAutoFooter.m in Sources */ = {isa = PBXBuildFile; fileRef = 82C8E44E1F7A4F8000514591 /* MJRefreshAutoFooter.m */; };
		82C8E48A1F7A500400514591 /* MJRefreshBackFooter.m in Sources */ = {isa = PBXBuildFile; fileRef = 82C8E4501F7A4F8000514591 /* MJRefreshBackFooter.m */; };
		82C8E48B1F7A500800514591 /* MJRefreshComponent.m in Sources */ = {isa = PBXBuildFile; fileRef = 82C8E4521F7A4F8000514591 /* MJRefreshComponent.m */; };
		82C8E48C1F7A500A00514591 /* MJRefreshFooter.m in Sources */ = {isa = PBXBuildFile; fileRef = 82C8E4541F7A4F8000514591 /* MJRefreshFooter.m */; };
		82C8E48D1F7A500E00514591 /* MJRefreshHeader.m in Sources */ = {isa = PBXBuildFile; fileRef = 82C8E4561F7A4F8000514591 /* MJRefreshHeader.m */; };
		EC868EB57815C516F6E063B6 /* libPods-ProjectFrame.a in Frameworks */ = {isa = PBXBuildFile; fileRef = 98E605A65794CA82A91A360B /* libPods-ProjectFrame.a */; };
/* End PBXBuildFile section */

/* Begin PBXContainerItemProxy section */
		821CDFD91F79E37200CC0AED /* PBXContainerItemProxy */ = {
			isa = PBXContainerItemProxy;
			containerPortal = 821CDFB51F79E37200CC0AED /* Project object */;
			proxyType = 1;
			remoteGlobalIDString = 821CDFBC1F79E37200CC0AED;
			remoteInfo = ProjectFrame;
		};
		821CDFE41F79E37200CC0AED /* PBXContainerItemProxy */ = {
			isa = PBXContainerItemProxy;
			containerPortal = 821CDFB51F79E37200CC0AED /* Project object */;
			proxyType = 1;
			remoteGlobalIDString = 821CDFBC1F79E37200CC0AED;
			remoteInfo = ProjectFrame;
		};
/* End PBXContainerItemProxy section */

/* Begin PBXFileReference section */
		64C7F0ED8618F18593D54FC0 /* Pods-ProjectFrame.debug.xcconfig */ = {isa = PBXFileReference; includeInIndex = 1; lastKnownFileType = text.xcconfig; name = "Pods-ProjectFrame.debug.xcconfig"; path = "Pods/Target Support Files/Pods-ProjectFrame/Pods-ProjectFrame.debug.xcconfig"; sourceTree = "<group>"; };
		821CDFBD1F79E37200CC0AED /* ProjectFrame.app */ = {isa = PBXFileReference; explicitFileType = wrapper.application; includeInIndex = 0; path = ProjectFrame.app; sourceTree = BUILT_PRODUCTS_DIR; };
		821CDFC01F79E37200CC0AED /* AppDelegate.h */ = {isa = PBXFileReference; lastKnownFileType = sourcecode.c.h; path = AppDelegate.h; sourceTree = "<group>"; };
		821CDFC11F79E37200CC0AED /* AppDelegate.m */ = {isa = PBXFileReference; lastKnownFileType = sourcecode.c.objc; path = AppDelegate.m; sourceTree = "<group>"; };
		821CDFC71F79E37200CC0AED /* Base */ = {isa = PBXFileReference; lastKnownFileType = file.storyboard; name = Base; path = Base.lproj/Main.storyboard; sourceTree = "<group>"; };
		821CDFCA1F79E37200CC0AED /* ProjectFrame.xcdatamodel */ = {isa = PBXFileReference; lastKnownFileType = wrapper.xcdatamodel; path = ProjectFrame.xcdatamodel; sourceTree = "<group>"; };
		821CDFCC1F79E37200CC0AED /* Assets.xcassets */ = {isa = PBXFileReference; lastKnownFileType = folder.assetcatalog; path = Assets.xcassets; sourceTree = "<group>"; };
		821CDFCF1F79E37200CC0AED /* Base */ = {isa = PBXFileReference; lastKnownFileType = file.storyboard; name = Base; path = Base.lproj/LaunchScreen.storyboard; sourceTree = "<group>"; };
		821CDFD11F79E37200CC0AED /* Info.plist */ = {isa = PBXFileReference; lastKnownFileType = text.plist.xml; path = Info.plist; sourceTree = "<group>"; };
		821CDFD21F79E37200CC0AED /* main.m */ = {isa = PBXFileReference; lastKnownFileType = sourcecode.c.objc; path = main.m; sourceTree = "<group>"; };
		821CDFD81F79E37200CC0AED /* ProjectFrameTests.xctest */ = {isa = PBXFileReference; explicitFileType = wrapper.cfbundle; includeInIndex = 0; path = ProjectFrameTests.xctest; sourceTree = BUILT_PRODUCTS_DIR; };
		821CDFDC1F79E37200CC0AED /* ProjectFrameTests.m */ = {isa = PBXFileReference; lastKnownFileType = sourcecode.c.objc; path = ProjectFrameTests.m; sourceTree = "<group>"; };
		821CDFDE1F79E37200CC0AED /* Info.plist */ = {isa = PBXFileReference; lastKnownFileType = text.plist.xml; path = Info.plist; sourceTree = "<group>"; };
		821CDFE31F79E37200CC0AED /* ProjectFrameUITests.xctest */ = {isa = PBXFileReference; explicitFileType = wrapper.cfbundle; includeInIndex = 0; path = ProjectFrameUITests.xctest; sourceTree = BUILT_PRODUCTS_DIR; };
		821CDFE71F79E37200CC0AED /* ProjectFrameUITests.m */ = {isa = PBXFileReference; lastKnownFileType = sourcecode.c.objc; path = ProjectFrameUITests.m; sourceTree = "<group>"; };
		821CDFE91F79E37200CC0AED /* Info.plist */ = {isa = PBXFileReference; lastKnownFileType = text.plist.xml; path = Info.plist; sourceTree = "<group>"; };
		821CDFF91F79E65200CC0AED /* ProjectFramePch.pch */ = {isa = PBXFileReference; lastKnownFileType = sourcecode.c.h; path = ProjectFramePch.pch; sourceTree = "<group>"; };
		821CDFFB1F79E6BB00CC0AED /* MBProgressHUD+Show.h */ = {isa = PBXFileReference; lastKnownFileType = sourcecode.c.h; path = "MBProgressHUD+Show.h"; sourceTree = "<group>"; };
		821CDFFC1F79E6BB00CC0AED /* MBProgressHUD+Show.m */ = {isa = PBXFileReference; lastKnownFileType = sourcecode.c.objc; path = "MBProgressHUD+Show.m"; sourceTree = "<group>"; };
		821CDFFD1F79E6BB00CC0AED /* MBProgressHUD.bundle */ = {isa = PBXFileReference; lastKnownFileType = "wrapper.plug-in"; path = MBProgressHUD.bundle; sourceTree = "<group>"; };
		821CDFFE1F79E6BB00CC0AED /* MBProgressHUD.h */ = {isa = PBXFileReference; lastKnownFileType = sourcecode.c.h; path = MBProgressHUD.h; sourceTree = "<group>"; };
		821CDFFF1F79E6BB00CC0AED /* MBProgressHUD.m */ = {isa = PBXFileReference; lastKnownFileType = sourcecode.c.objc; path = MBProgressHUD.m; sourceTree = "<group>"; };
		821CE0011F79E6BB00CC0AED /* MKAnnotationView+WebCache.h */ = {isa = PBXFileReference; lastKnownFileType = sourcecode.c.h; path = "MKAnnotationView+WebCache.h"; sourceTree = "<group>"; };
		821CE0021F79E6BB00CC0AED /* MKAnnotationView+WebCache.m */ = {isa = PBXFileReference; lastKnownFileType = sourcecode.c.objc; path = "MKAnnotationView+WebCache.m"; sourceTree = "<group>"; };
		821CE0031F79E6BB00CC0AED /* NSData+ImageContentType.h */ = {isa = PBXFileReference; lastKnownFileType = sourcecode.c.h; path = "NSData+ImageContentType.h"; sourceTree = "<group>"; };
		821CE0041F79E6BB00CC0AED /* NSData+ImageContentType.m */ = {isa = PBXFileReference; lastKnownFileType = sourcecode.c.objc; path = "NSData+ImageContentType.m"; sourceTree = "<group>"; };
		821CE0051F79E6BB00CC0AED /* SDImageCache.h */ = {isa = PBXFileReference; lastKnownFileType = sourcecode.c.h; path = SDImageCache.h; sourceTree = "<group>"; };
		821CE0061F79E6BB00CC0AED /* SDImageCache.m */ = {isa = PBXFileReference; lastKnownFileType = sourcecode.c.objc; path = SDImageCache.m; sourceTree = "<group>"; };
		821CE0071F79E6BB00CC0AED /* SDWebImageCompat.h */ = {isa = PBXFileReference; lastKnownFileType = sourcecode.c.h; path = SDWebImageCompat.h; sourceTree = "<group>"; };
		821CE0081F79E6BB00CC0AED /* SDWebImageCompat.m */ = {isa = PBXFileReference; lastKnownFileType = sourcecode.c.objc; path = SDWebImageCompat.m; sourceTree = "<group>"; };
		821CE0091F79E6BB00CC0AED /* SDWebImageDecoder.h */ = {isa = PBXFileReference; lastKnownFileType = sourcecode.c.h; path = SDWebImageDecoder.h; sourceTree = "<group>"; };
		821CE00A1F79E6BB00CC0AED /* SDWebImageDecoder.m */ = {isa = PBXFileReference; lastKnownFileType = sourcecode.c.objc; path = SDWebImageDecoder.m; sourceTree = "<group>"; };
		821CE00B1F79E6BB00CC0AED /* SDWebImageDownloader.h */ = {isa = PBXFileReference; lastKnownFileType = sourcecode.c.h; path = SDWebImageDownloader.h; sourceTree = "<group>"; };
		821CE00C1F79E6BB00CC0AED /* SDWebImageDownloader.m */ = {isa = PBXFileReference; lastKnownFileType = sourcecode.c.objc; path = SDWebImageDownloader.m; sourceTree = "<group>"; };
		821CE00D1F79E6BB00CC0AED /* SDWebImageDownloaderOperation.h */ = {isa = PBXFileReference; lastKnownFileType = sourcecode.c.h; path = SDWebImageDownloaderOperation.h; sourceTree = "<group>"; };
		821CE00E1F79E6BB00CC0AED /* SDWebImageDownloaderOperation.m */ = {isa = PBXFileReference; lastKnownFileType = sourcecode.c.objc; path = SDWebImageDownloaderOperation.m; sourceTree = "<group>"; };
		821CE00F1F79E6BB00CC0AED /* SDWebImageManager.h */ = {isa = PBXFileReference; lastKnownFileType = sourcecode.c.h; path = SDWebImageManager.h; sourceTree = "<group>"; };
		821CE0101F79E6BB00CC0AED /* SDWebImageManager.m */ = {isa = PBXFileReference; lastKnownFileType = sourcecode.c.objc; path = SDWebImageManager.m; sourceTree = "<group>"; };
		821CE0111F79E6BB00CC0AED /* SDWebImageOperation.h */ = {isa = PBXFileReference; lastKnownFileType = sourcecode.c.h; path = SDWebImageOperation.h; sourceTree = "<group>"; };
		821CE0121F79E6BB00CC0AED /* SDWebImagePrefetcher.h */ = {isa = PBXFileReference; lastKnownFileType = sourcecode.c.h; path = SDWebImagePrefetcher.h; sourceTree = "<group>"; };
		821CE0131F79E6BB00CC0AED /* SDWebImagePrefetcher.m */ = {isa = PBXFileReference; lastKnownFileType = sourcecode.c.objc; path = SDWebImagePrefetcher.m; sourceTree = "<group>"; };
		821CE0141F79E6BB00CC0AED /* UIButton+WebCache.h */ = {isa = PBXFileReference; lastKnownFileType = sourcecode.c.h; path = "UIButton+WebCache.h"; sourceTree = "<group>"; };
		821CE0151F79E6BB00CC0AED /* UIButton+WebCache.m */ = {isa = PBXFileReference; lastKnownFileType = sourcecode.c.objc; path = "UIButton+WebCache.m"; sourceTree = "<group>"; };
		821CE0161F79E6BB00CC0AED /* UIImage+GIF.h */ = {isa = PBXFileReference; lastKnownFileType = sourcecode.c.h; path = "UIImage+GIF.h"; sourceTree = "<group>"; };
		821CE0171F79E6BB00CC0AED /* UIImage+GIF.m */ = {isa = PBXFileReference; lastKnownFileType = sourcecode.c.objc; path = "UIImage+GIF.m"; sourceTree = "<group>"; };
		821CE0181F79E6BB00CC0AED /* UIImage+MultiFormat.h */ = {isa = PBXFileReference; lastKnownFileType = sourcecode.c.h; path = "UIImage+MultiFormat.h"; sourceTree = "<group>"; };
		821CE0191F79E6BB00CC0AED /* UIImage+MultiFormat.m */ = {isa = PBXFileReference; lastKnownFileType = sourcecode.c.objc; path = "UIImage+MultiFormat.m"; sourceTree = "<group>"; };
		821CE01A1F79E6BB00CC0AED /* UIImage+WebP.h */ = {isa = PBXFileReference; lastKnownFileType = sourcecode.c.h; path = "UIImage+WebP.h"; sourceTree = "<group>"; };
		821CE01B1F79E6BB00CC0AED /* UIImage+WebP.m */ = {isa = PBXFileReference; lastKnownFileType = sourcecode.c.objc; path = "UIImage+WebP.m"; sourceTree = "<group>"; };
		821CE01C1F79E6BB00CC0AED /* UIImageView+HighlightedWebCache.h */ = {isa = PBXFileReference; lastKnownFileType = sourcecode.c.h; path = "UIImageView+HighlightedWebCache.h"; sourceTree = "<group>"; };
		821CE01D1F79E6BB00CC0AED /* UIImageView+HighlightedWebCache.m */ = {isa = PBXFileReference; lastKnownFileType = sourcecode.c.objc; path = "UIImageView+HighlightedWebCache.m"; sourceTree = "<group>"; };
		821CE01E1F79E6BB00CC0AED /* UIImageView+WebCache.h */ = {isa = PBXFileReference; lastKnownFileType = sourcecode.c.h; path = "UIImageView+WebCache.h"; sourceTree = "<group>"; };
		821CE01F1F79E6BB00CC0AED /* UIImageView+WebCache.m */ = {isa = PBXFileReference; lastKnownFileType = sourcecode.c.objc; path = "UIImageView+WebCache.m"; sourceTree = "<group>"; };
		821CE0201F79E6BB00CC0AED /* UIView+WebCacheOperation.h */ = {isa = PBXFileReference; lastKnownFileType = sourcecode.c.h; path = "UIView+WebCacheOperation.h"; sourceTree = "<group>"; };
		821CE0211F79E6BB00CC0AED /* UIView+WebCacheOperation.m */ = {isa = PBXFileReference; lastKnownFileType = sourcecode.c.objc; path = "UIView+WebCacheOperation.m"; sourceTree = "<group>"; };
		821CE0241F79E6BB00CC0AED /* TAAbstractDotView.h */ = {isa = PBXFileReference; lastKnownFileType = sourcecode.c.h; path = TAAbstractDotView.h; sourceTree = "<group>"; };
		821CE0251F79E6BB00CC0AED /* TAAbstractDotView.m */ = {isa = PBXFileReference; lastKnownFileType = sourcecode.c.objc; path = TAAbstractDotView.m; sourceTree = "<group>"; };
		821CE0261F79E6BB00CC0AED /* TAAnimatedDotView.h */ = {isa = PBXFileReference; lastKnownFileType = sourcecode.c.h; path = TAAnimatedDotView.h; sourceTree = "<group>"; };
		821CE0271F79E6BB00CC0AED /* TAAnimatedDotView.m */ = {isa = PBXFileReference; lastKnownFileType = sourcecode.c.objc; path = TAAnimatedDotView.m; sourceTree = "<group>"; };
		821CE0281F79E6BB00CC0AED /* TADotView.h */ = {isa = PBXFileReference; lastKnownFileType = sourcecode.c.h; path = TADotView.h; sourceTree = "<group>"; };
		821CE0291F79E6BB00CC0AED /* TADotView.m */ = {isa = PBXFileReference; lastKnownFileType = sourcecode.c.objc; path = TADotView.m; sourceTree = "<group>"; };
		821CE02A1F79E6BB00CC0AED /* TAPageControl.h */ = {isa = PBXFileReference; lastKnownFileType = sourcecode.c.h; path = TAPageControl.h; sourceTree = "<group>"; };
		821CE02B1F79E6BB00CC0AED /* TAPageControl.m */ = {isa = PBXFileReference; lastKnownFileType = sourcecode.c.objc; path = TAPageControl.m; sourceTree = "<group>"; };
		821CE02C1F79E6BB00CC0AED /* SDCollectionViewCell.h */ = {isa = PBXFileReference; lastKnownFileType = sourcecode.c.h; path = SDCollectionViewCell.h; sourceTree = "<group>"; };
		821CE02D1F79E6BB00CC0AED /* SDCollectionViewCell.m */ = {isa = PBXFileReference; lastKnownFileType = sourcecode.c.objc; path = SDCollectionViewCell.m; sourceTree = "<group>"; };
		821CE02E1F79E6BB00CC0AED /* SDCycleScrollView.h */ = {isa = PBXFileReference; lastKnownFileType = sourcecode.c.h; path = SDCycleScrollView.h; sourceTree = "<group>"; };
		821CE02F1F79E6BB00CC0AED /* SDCycleScrollView.m */ = {isa = PBXFileReference; lastKnownFileType = sourcecode.c.objc; path = SDCycleScrollView.m; sourceTree = "<group>"; };
		821CE0301F79E6BB00CC0AED /* UIView+SDExtension.h */ = {isa = PBXFileReference; lastKnownFileType = sourcecode.c.h; path = "UIView+SDExtension.h"; sourceTree = "<group>"; };
		821CE0311F79E6BB00CC0AED /* UIView+SDExtension.m */ = {isa = PBXFileReference; lastKnownFileType = sourcecode.c.objc; path = "UIView+SDExtension.m"; sourceTree = "<group>"; };
		821CE0331F79E6BB00CC0AED /* UINavigationBar+alpha.h */ = {isa = PBXFileReference; lastKnownFileType = sourcecode.c.h; path = "UINavigationBar+alpha.h"; sourceTree = "<group>"; };
		821CE0341F79E6BB00CC0AED /* UINavigationBar+alpha.m */ = {isa = PBXFileReference; lastKnownFileType = sourcecode.c.objc; path = "UINavigationBar+alpha.m"; sourceTree = "<group>"; };
		821CE0361F79E72C00CC0AED /* UtilsMacro.h */ = {isa = PBXFileReference; lastKnownFileType = sourcecode.c.h; path = UtilsMacro.h; sourceTree = "<group>"; };
		821CE0411F79E87400CC0AED /* MSUtil.h */ = {isa = PBXFileReference; lastKnownFileType = sourcecode.c.h; path = MSUtil.h; sourceTree = "<group>"; };
		821CE0421F79E87400CC0AED /* MSUtil.m */ = {isa = PBXFileReference; lastKnownFileType = sourcecode.c.objc; path = MSUtil.m; sourceTree = "<group>"; };
		821CE0451F79EA1600CC0AED /* BaseNavigationController.h */ = {isa = PBXFileReference; lastKnownFileType = sourcecode.c.h; path = BaseNavigationController.h; sourceTree = "<group>"; };
		821CE0461F79EA1600CC0AED /* BaseNavigationController.m */ = {isa = PBXFileReference; lastKnownFileType = sourcecode.c.objc; path = BaseNavigationController.m; sourceTree = "<group>"; };
		821CE0481F79EA2F00CC0AED /* BaseViewController.h */ = {isa = PBXFileReference; lastKnownFileType = sourcecode.c.h; path = BaseViewController.h; sourceTree = "<group>"; };
		821CE0491F79EA2F00CC0AED /* BaseViewController.m */ = {isa = PBXFileReference; lastKnownFileType = sourcecode.c.objc; path = BaseViewController.m; sourceTree = "<group>"; };
		821CE04B1F79EA6000CC0AED /* BaseWebViewController.h */ = {isa = PBXFileReference; lastKnownFileType = sourcecode.c.h; path = BaseWebViewController.h; sourceTree = "<group>"; };
		821CE04C1F79EA6000CC0AED /* BaseWebViewController.m */ = {isa = PBXFileReference; lastKnownFileType = sourcecode.c.objc; path = BaseWebViewController.m; sourceTree = "<group>"; };
		821CE04E1F79EB1300CC0AED /* UIViewController+PopBlock.h */ = {isa = PBXFileReference; lastKnownFileType = sourcecode.c.h; path = "UIViewController+PopBlock.h"; sourceTree = "<group>"; };
		821CE04F1F79EB1300CC0AED /* UIViewController+PopBlock.m */ = {isa = PBXFileReference; lastKnownFileType = sourcecode.c.objc; path = "UIViewController+PopBlock.m"; sourceTree = "<group>"; };
		82C8E3EE1F79FDF200514591 /* UIView+JDLExtension.h */ = {isa = PBXFileReference; lastKnownFileType = sourcecode.c.h; path = "UIView+JDLExtension.h"; sourceTree = "<group>"; };
		82C8E3EF1F79FDF200514591 /* UIView+JDLExtension.m */ = {isa = PBXFileReference; lastKnownFileType = sourcecode.c.objc; path = "UIView+JDLExtension.m"; sourceTree = "<group>"; };
		82C8E3F11F79FED600514591 /* UIBarButtonItem+JDLAddition.h */ = {isa = PBXFileReference; lastKnownFileType = sourcecode.c.h; path = "UIBarButtonItem+JDLAddition.h"; sourceTree = "<group>"; };
		82C8E3F21F79FED600514591 /* UIBarButtonItem+JDLAddition.m */ = {isa = PBXFileReference; lastKnownFileType = sourcecode.c.objc; path = "UIBarButtonItem+JDLAddition.m"; sourceTree = "<group>"; };
		82C8E4181F7A03A500514591 /* Test4ViewController.h */ = {isa = PBXFileReference; lastKnownFileType = sourcecode.c.h; path = Test4ViewController.h; sourceTree = "<group>"; };
		82C8E4191F7A03A500514591 /* Test4ViewController.m */ = {isa = PBXFileReference; lastKnownFileType = sourcecode.c.objc; path = Test4ViewController.m; sourceTree = "<group>"; };
		82C8E41B1F7A03B700514591 /* Test3ViewController.h */ = {isa = PBXFileReference; lastKnownFileType = sourcecode.c.h; path = Test3ViewController.h; sourceTree = "<group>"; };
		82C8E41C1F7A03B700514591 /* Test3ViewController.m */ = {isa = PBXFileReference; lastKnownFileType = sourcecode.c.objc; path = Test3ViewController.m; sourceTree = "<group>"; };
		82C8E41E1F7A03C100514591 /* Test2ViewController.h */ = {isa = PBXFileReference; lastKnownFileType = sourcecode.c.h; path = Test2ViewController.h; sourceTree = "<group>"; };
		82C8E41F1F7A03C100514591 /* Test2ViewController.m */ = {isa = PBXFileReference; lastKnownFileType = sourcecode.c.objc; path = Test2ViewController.m; sourceTree = "<group>"; };
		82C8E4211F7A03CA00514591 /* Test1ViewController.h */ = {isa = PBXFileReference; lastKnownFileType = sourcecode.c.h; path = Test1ViewController.h; sourceTree = "<group>"; };
		82C8E4221F7A03CA00514591 /* Test1ViewController.m */ = {isa = PBXFileReference; lastKnownFileType = sourcecode.c.objc; path = Test1ViewController.m; sourceTree = "<group>"; };
		82C8E4241F7A043600514591 /* JDLTabbarController.h */ = {isa = PBXFileReference; lastKnownFileType = sourcecode.c.h; path = JDLTabbarController.h; sourceTree = "<group>"; };
		82C8E4251F7A043600514591 /* JDLTabbarController.m */ = {isa = PBXFileReference; lastKnownFileType = sourcecode.c.objc; path = JDLTabbarController.m; sourceTree = "<group>"; };
		82C8E4271F7A108100514591 /* UIView+CYLTabBarControllerExtention.h */ = {isa = PBXFileReference; lastKnownFileType = sourcecode.c.h; path = "UIView+CYLTabBarControllerExtention.h"; sourceTree = "<group>"; };
		82C8E4281F7A108100514591 /* CYLTabBarController.h */ = {isa = PBXFileReference; lastKnownFileType = sourcecode.c.h; path = CYLTabBarController.h; sourceTree = "<group>"; };
		82C8E4291F7A108100514591 /* CYLTabBar.m */ = {isa = PBXFileReference; lastKnownFileType = sourcecode.c.objc; path = CYLTabBar.m; sourceTree = "<group>"; };
		82C8E42A1F7A108100514591 /* UIView+CYLTabBarControllerExtention.m */ = {isa = PBXFileReference; lastKnownFileType = sourcecode.c.objc; path = "UIView+CYLTabBarControllerExtention.m"; sourceTree = "<group>"; };
		82C8E42B1F7A108100514591 /* CYLPlusButton.m */ = {isa = PBXFileReference; lastKnownFileType = sourcecode.c.objc; path = CYLPlusButton.m; sourceTree = "<group>"; };
		82C8E42C1F7A108100514591 /* CYLConstants.h */ = {isa = PBXFileReference; lastKnownFileType = sourcecode.c.h; path = CYLConstants.h; sourceTree = "<group>"; };
		82C8E42D1F7A108100514591 /* UIViewController+CYLTabBarControllerExtention.h */ = {isa = PBXFileReference; lastKnownFileType = sourcecode.c.h; path = "UIViewController+CYLTabBarControllerExtention.h"; sourceTree = "<group>"; };
		82C8E42E1F7A108100514591 /* UITabBarItem+CYLTabBarControllerExtention.h */ = {isa = PBXFileReference; lastKnownFileType = sourcecode.c.h; path = "UITabBarItem+CYLTabBarControllerExtention.h"; sourceTree = "<group>"; };
		82C8E42F1F7A108100514591 /* CYLTabBar.h */ = {isa = PBXFileReference; lastKnownFileType = sourcecode.c.h; path = CYLTabBar.h; sourceTree = "<group>"; };
		82C8E4301F7A108200514591 /* UIControl+CYLTabBarControllerExtention.h */ = {isa = PBXFileReference; lastKnownFileType = sourcecode.c.h; path = "UIControl+CYLTabBarControllerExtention.h"; sourceTree = "<group>"; };
		82C8E4311F7A108200514591 /* UITabBarItem+CYLTabBarControllerExtention.m */ = {isa = PBXFileReference; lastKnownFileType = sourcecode.c.objc; path = "UITabBarItem+CYLTabBarControllerExtention.m"; sourceTree = "<group>"; };
		82C8E4321F7A108200514591 /* UIControl+CYLTabBarControllerExtention.m */ = {isa = PBXFileReference; lastKnownFileType = sourcecode.c.objc; path = "UIControl+CYLTabBarControllerExtention.m"; sourceTree = "<group>"; };
		82C8E4331F7A108200514591 /* CYLPlusButton.h */ = {isa = PBXFileReference; lastKnownFileType = sourcecode.c.h; path = CYLPlusButton.h; sourceTree = "<group>"; };
		82C8E4341F7A108200514591 /* CYLTabBarController.m */ = {isa = PBXFileReference; lastKnownFileType = sourcecode.c.objc; path = CYLTabBarController.m; sourceTree = "<group>"; };
		82C8E4351F7A108200514591 /* UIViewController+CYLTabBarControllerExtention.m */ = {isa = PBXFileReference; lastKnownFileType = sourcecode.c.objc; path = "UIViewController+CYLTabBarControllerExtention.m"; sourceTree = "<group>"; };
		82C8E43D1F7A186300514591 /* JDLTabbarPlusButton.h */ = {isa = PBXFileReference; lastKnownFileType = sourcecode.c.h; path = JDLTabbarPlusButton.h; sourceTree = "<group>"; };
		82C8E43E1F7A186300514591 /* JDLTabbarPlusButton.m */ = {isa = PBXFileReference; lastKnownFileType = sourcecode.c.objc; path = JDLTabbarPlusButton.m; sourceTree = "<group>"; };
		82C8E4401F7A342100514591 /* AppDelegate+AppService.h */ = {isa = PBXFileReference; lastKnownFileType = sourcecode.c.h; path = "AppDelegate+AppService.h"; sourceTree = "<group>"; };
		82C8E4411F7A342100514591 /* AppDelegate+AppService.m */ = {isa = PBXFileReference; lastKnownFileType = sourcecode.c.objc; path = "AppDelegate+AppService.m"; sourceTree = "<group>"; };
		82C8E4451F7A3A7600514591 /* URLMacro.h */ = {isa = PBXFileReference; lastKnownFileType = sourcecode.c.h; path = URLMacro.h; sourceTree = "<group>"; };
		82C8E4461F7A3BE700514591 /* AppDelegate+PushService.h */ = {isa = PBXFileReference; lastKnownFileType = sourcecode.c.h; path = "AppDelegate+PushService.h"; sourceTree = "<group>"; };
		82C8E4471F7A3BE700514591 /* AppDelegate+PushService.m */ = {isa = PBXFileReference; lastKnownFileType = sourcecode.c.objc; path = "AppDelegate+PushService.m"; sourceTree = "<group>"; };
		82C8E4491F7A4E9300514591 /* FontAndColorMacros.h */ = {isa = PBXFileReference; lastKnownFileType = sourcecode.c.h; path = FontAndColorMacros.h; sourceTree = "<group>"; };
		82C8E44A1F7A4EFD00514591 /* ThirdMacros.h */ = {isa = PBXFileReference; lastKnownFileType = sourcecode.c.h; path = ThirdMacros.h; sourceTree = "<group>"; };
		82C8E44D1F7A4F8000514591 /* MJRefreshAutoFooter.h */ = {isa = PBXFileReference; lastKnownFileType = sourcecode.c.h; path = MJRefreshAutoFooter.h; sourceTree = "<group>"; };
		82C8E44E1F7A4F8000514591 /* MJRefreshAutoFooter.m */ = {isa = PBXFileReference; lastKnownFileType = sourcecode.c.objc; path = MJRefreshAutoFooter.m; sourceTree = "<group>"; };
		82C8E44F1F7A4F8000514591 /* MJRefreshBackFooter.h */ = {isa = PBXFileReference; lastKnownFileType = sourcecode.c.h; path = MJRefreshBackFooter.h; sourceTree = "<group>"; };
		82C8E4501F7A4F8000514591 /* MJRefreshBackFooter.m */ = {isa = PBXFileReference; lastKnownFileType = sourcecode.c.objc; path = MJRefreshBackFooter.m; sourceTree = "<group>"; };
		82C8E4511F7A4F8000514591 /* MJRefreshComponent.h */ = {isa = PBXFileReference; lastKnownFileType = sourcecode.c.h; path = MJRefreshComponent.h; sourceTree = "<group>"; };
		82C8E4521F7A4F8000514591 /* MJRefreshComponent.m */ = {isa = PBXFileReference; lastKnownFileType = sourcecode.c.objc; path = MJRefreshComponent.m; sourceTree = "<group>"; };
		82C8E4531F7A4F8000514591 /* MJRefreshFooter.h */ = {isa = PBXFileReference; lastKnownFileType = sourcecode.c.h; path = MJRefreshFooter.h; sourceTree = "<group>"; };
		82C8E4541F7A4F8000514591 /* MJRefreshFooter.m */ = {isa = PBXFileReference; lastKnownFileType = sourcecode.c.objc; path = MJRefreshFooter.m; sourceTree = "<group>"; };
		82C8E4551F7A4F8000514591 /* MJRefreshHeader.h */ = {isa = PBXFileReference; lastKnownFileType = sourcecode.c.h; path = MJRefreshHeader.h; sourceTree = "<group>"; };
		82C8E4561F7A4F8000514591 /* MJRefreshHeader.m */ = {isa = PBXFileReference; lastKnownFileType = sourcecode.c.objc; path = MJRefreshHeader.m; sourceTree = "<group>"; };
		82C8E45A1F7A4F8000514591 /* MJRefreshAutoGifFooter.h */ = {isa = PBXFileReference; lastKnownFileType = sourcecode.c.h; path = MJRefreshAutoGifFooter.h; sourceTree = "<group>"; };
		82C8E45B1F7A4F8000514591 /* MJRefreshAutoGifFooter.m */ = {isa = PBXFileReference; lastKnownFileType = sourcecode.c.objc; path = MJRefreshAutoGifFooter.m; sourceTree = "<group>"; };
		82C8E45C1F7A4F8000514591 /* MJRefreshAutoNormalFooter.h */ = {isa = PBXFileReference; lastKnownFileType = sourcecode.c.h; path = MJRefreshAutoNormalFooter.h; sourceTree = "<group>"; };
		82C8E45D1F7A4F8000514591 /* MJRefreshAutoNormalFooter.m */ = {isa = PBXFileReference; lastKnownFileType = sourcecode.c.objc; path = MJRefreshAutoNormalFooter.m; sourceTree = "<group>"; };
		82C8E45E1F7A4F8000514591 /* MJRefreshAutoStateFooter.h */ = {isa = PBXFileReference; lastKnownFileType = sourcecode.c.h; path = MJRefreshAutoStateFooter.h; sourceTree = "<group>"; };
		82C8E45F1F7A4F8000514591 /* MJRefreshAutoStateFooter.m */ = {isa = PBXFileReference; lastKnownFileType = sourcecode.c.objc; path = MJRefreshAutoStateFooter.m; sourceTree = "<group>"; };
		82C8E4611F7A4F8000514591 /* MJRefreshBackGifFooter.h */ = {isa = PBXFileReference; lastKnownFileType = sourcecode.c.h; path = MJRefreshBackGifFooter.h; sourceTree = "<group>"; };
		82C8E4621F7A4F8000514591 /* MJRefreshBackGifFooter.m */ = {isa = PBXFileReference; lastKnownFileType = sourcecode.c.objc; path = MJRefreshBackGifFooter.m; sourceTree = "<group>"; };
		82C8E4631F7A4F8000514591 /* MJRefreshBackNormalFooter.h */ = {isa = PBXFileReference; lastKnownFileType = sourcecode.c.h; path = MJRefreshBackNormalFooter.h; sourceTree = "<group>"; };
		82C8E4641F7A4F8000514591 /* MJRefreshBackNormalFooter.m */ = {isa = PBXFileReference; lastKnownFileType = sourcecode.c.objc; path = MJRefreshBackNormalFooter.m; sourceTree = "<group>"; };
		82C8E4651F7A4F8000514591 /* MJRefreshBackStateFooter.h */ = {isa = PBXFileReference; lastKnownFileType = sourcecode.c.h; path = MJRefreshBackStateFooter.h; sourceTree = "<group>"; };
		82C8E4661F7A4F8000514591 /* MJRefreshBackStateFooter.m */ = {isa = PBXFileReference; lastKnownFileType = sourcecode.c.objc; path = MJRefreshBackStateFooter.m; sourceTree = "<group>"; };
		82C8E4681F7A4F8000514591 /* MJRefreshGifHeader.h */ = {isa = PBXFileReference; lastKnownFileType = sourcecode.c.h; path = MJRefreshGifHeader.h; sourceTree = "<group>"; };
		82C8E4691F7A4F8000514591 /* MJRefreshGifHeader.m */ = {isa = PBXFileReference; lastKnownFileType = sourcecode.c.objc; path = MJRefreshGifHeader.m; sourceTree = "<group>"; };
		82C8E46A1F7A4F8000514591 /* MJRefreshNormalHeader.h */ = {isa = PBXFileReference; lastKnownFileType = sourcecode.c.h; path = MJRefreshNormalHeader.h; sourceTree = "<group>"; };
		82C8E46B1F7A4F8000514591 /* MJRefreshNormalHeader.m */ = {isa = PBXFileReference; lastKnownFileType = sourcecode.c.objc; path = MJRefreshNormalHeader.m; sourceTree = "<group>"; };
		82C8E46C1F7A4F8000514591 /* MJRefreshStateHeader.h */ = {isa = PBXFileReference; lastKnownFileType = sourcecode.c.h; path = MJRefreshStateHeader.h; sourceTree = "<group>"; };
		82C8E46D1F7A4F8000514591 /* MJRefreshStateHeader.m */ = {isa = PBXFileReference; lastKnownFileType = sourcecode.c.objc; path = MJRefreshStateHeader.m; sourceTree = "<group>"; };
		82C8E46E1F7A4F8000514591 /* MJRefresh.bundle */ = {isa = PBXFileReference; lastKnownFileType = "wrapper.plug-in"; path = MJRefresh.bundle; sourceTree = "<group>"; };
		82C8E46F1F7A4F8000514591 /* MJRefresh.h */ = {isa = PBXFileReference; lastKnownFileType = sourcecode.c.h; path = MJRefresh.h; sourceTree = "<group>"; };
		82C8E4701F7A4F8000514591 /* MJRefreshConst.h */ = {isa = PBXFileReference; lastKnownFileType = sourcecode.c.h; path = MJRefreshConst.h; sourceTree = "<group>"; };
		82C8E4711F7A4F8000514591 /* MJRefreshConst.m */ = {isa = PBXFileReference; lastKnownFileType = sourcecode.c.objc; path = MJRefreshConst.m; sourceTree = "<group>"; };
		82C8E4721F7A4F8000514591 /* NSBundle+MJRefresh.h */ = {isa = PBXFileReference; lastKnownFileType = sourcecode.c.h; path = "NSBundle+MJRefresh.h"; sourceTree = "<group>"; };
		82C8E4731F7A4F8000514591 /* NSBundle+MJRefresh.m */ = {isa = PBXFileReference; lastKnownFileType = sourcecode.c.objc; path = "NSBundle+MJRefresh.m"; sourceTree = "<group>"; };
		82C8E4741F7A4F8000514591 /* UIScrollView+MJExtension.h */ = {isa = PBXFileReference; lastKnownFileType = sourcecode.c.h; path = "UIScrollView+MJExtension.h"; sourceTree = "<group>"; };
		82C8E4751F7A4F8000514591 /* UIScrollView+MJExtension.m */ = {isa = PBXFileReference; lastKnownFileType = sourcecode.c.objc; path = "UIScrollView+MJExtension.m"; sourceTree = "<group>"; };
		82C8E4761F7A4F8000514591 /* UIScrollView+MJRefresh.h */ = {isa = PBXFileReference; lastKnownFileType = sourcecode.c.h; path = "UIScrollView+MJRefresh.h"; sourceTree = "<group>"; };
		82C8E4771F7A4F8000514591 /* UIScrollView+MJRefresh.m */ = {isa = PBXFileReference; lastKnownFileType = sourcecode.c.objc; path = "UIScrollView+MJRefresh.m"; sourceTree = "<group>"; };
		82C8E4781F7A4F8000514591 /* UIView+MJExtension.h */ = {isa = PBXFileReference; lastKnownFileType = sourcecode.c.h; path = "UIView+MJExtension.h"; sourceTree = "<group>"; };
		82C8E4791F7A4F8000514591 /* UIView+MJExtension.m */ = {isa = PBXFileReference; lastKnownFileType = sourcecode.c.objc; path = "UIView+MJExtension.m"; sourceTree = "<group>"; };
		98E605A65794CA82A91A360B /* libPods-ProjectFrame.a */ = {isa = PBXFileReference; explicitFileType = archive.ar; includeInIndex = 0; path = "libPods-ProjectFrame.a"; sourceTree = BUILT_PRODUCTS_DIR; };
		E1103489F41B0264E644B0D3 /* Pods-ProjectFrame.release.xcconfig */ = {isa = PBXFileReference; includeInIndex = 1; lastKnownFileType = text.xcconfig; name = "Pods-ProjectFrame.release.xcconfig"; path = "Pods/Target Support Files/Pods-ProjectFrame/Pods-ProjectFrame.release.xcconfig"; sourceTree = "<group>"; };
/* End PBXFileReference section */

/* Begin PBXFrameworksBuildPhase section */
		821CDFBA1F79E37200CC0AED /* Frameworks */ = {
			isa = PBXFrameworksBuildPhase;
			buildActionMask = 2147483647;
			files = (
				EC868EB57815C516F6E063B6 /* libPods-ProjectFrame.a in Frameworks */,
			);
			runOnlyForDeploymentPostprocessing = 0;
		};
		821CDFD51F79E37200CC0AED /* Frameworks */ = {
			isa = PBXFrameworksBuildPhase;
			buildActionMask = 2147483647;
			files = (
			);
			runOnlyForDeploymentPostprocessing = 0;
		};
		821CDFE01F79E37200CC0AED /* Frameworks */ = {
			isa = PBXFrameworksBuildPhase;
			buildActionMask = 2147483647;
			files = (
			);
			runOnlyForDeploymentPostprocessing = 0;
		};
/* End PBXFrameworksBuildPhase section */

/* Begin PBXGroup section */
		33749D3A1FA9BFD46514CF6E /* Pods */ = {
			isa = PBXGroup;
			children = (
				64C7F0ED8618F18593D54FC0 /* Pods-ProjectFrame.debug.xcconfig */,
				E1103489F41B0264E644B0D3 /* Pods-ProjectFrame.release.xcconfig */,
			);
			name = Pods;
			sourceTree = "<group>";
		};
		821CDFB41F79E37200CC0AED = {
			isa = PBXGroup;
			children = (
				821CDFBF1F79E37200CC0AED /* ProjectFrame */,
				821CDFDB1F79E37200CC0AED /* ProjectFrameTests */,
				821CDFE61F79E37200CC0AED /* ProjectFrameUITests */,
				821CDFBE1F79E37200CC0AED /* Products */,
				33749D3A1FA9BFD46514CF6E /* Pods */,
				A8B3B2FB8F3A9B37B685F315 /* Frameworks */,
			);
			sourceTree = "<group>";
		};
		821CDFBE1F79E37200CC0AED /* Products */ = {
			isa = PBXGroup;
			children = (
				821CDFBD1F79E37200CC0AED /* ProjectFrame.app */,
				821CDFD81F79E37200CC0AED /* ProjectFrameTests.xctest */,
				821CDFE31F79E37200CC0AED /* ProjectFrameUITests.xctest */,
			);
			name = Products;
			sourceTree = "<group>";
		};
		821CDFBF1F79E37200CC0AED /* ProjectFrame */ = {
			isa = PBXGroup;
			children = (
				82C8E4431F7A343E00514591 /* AppDelegate */,
				821CDFF81F79E5E500CC0AED /* Resources */,
				821CDFF71F79E5D500CC0AED /* ViewController */,
				821CDFF61F79E5CC00CC0AED /* Tools */,
				821CDFF51F79E5AF00CC0AED /* ThirdLib */,
				821CE0351F79E6DE00CC0AED /* Common */,
				821CDFC61F79E37200CC0AED /* Main.storyboard */,
				821CDFCC1F79E37200CC0AED /* Assets.xcassets */,
				821CDFCE1F79E37200CC0AED /* LaunchScreen.storyboard */,
				821CDFD11F79E37200CC0AED /* Info.plist */,
				821CDFD21F79E37200CC0AED /* main.m */,
				821CDFC91F79E37200CC0AED /* ProjectFrame.xcdatamodeld */,
			);
			path = ProjectFrame;
			sourceTree = "<group>";
		};
		821CDFDB1F79E37200CC0AED /* ProjectFrameTests */ = {
			isa = PBXGroup;
			children = (
				821CDFDC1F79E37200CC0AED /* ProjectFrameTests.m */,
				821CDFDE1F79E37200CC0AED /* Info.plist */,
			);
			path = ProjectFrameTests;
			sourceTree = "<group>";
		};
		821CDFE61F79E37200CC0AED /* ProjectFrameUITests */ = {
			isa = PBXGroup;
			children = (
				821CDFE71F79E37200CC0AED /* ProjectFrameUITests.m */,
				821CDFE91F79E37200CC0AED /* Info.plist */,
			);
			path = ProjectFrameUITests;
			sourceTree = "<group>";
		};
		821CDFF51F79E5AF00CC0AED /* ThirdLib */ = {
			isa = PBXGroup;
			children = (
				82C8E44B1F7A4F8000514591 /* MJRefresh */,
				821CE0371F79E81600CC0AED /* CYLTabBarController */,
				821CE0321F79E6BB00CC0AED /* ClearNav */,
				821CDFFA1F79E6BB00CC0AED /* MBprogressHUD */,
				821CE0221F79E6BB00CC0AED /* SDCycleScrollView */,
				821CE0001F79E6BB00CC0AED /* SDWebImage */,
			);
			path = ThirdLib;
			sourceTree = "<group>";
		};
		821CDFF61F79E5CC00CC0AED /* Tools */ = {
			isa = PBXGroup;
			children = (
				82C8E3ED1F79FDA900514591 /* Category */,
				821CE0411F79E87400CC0AED /* MSUtil.h */,
				821CE0421F79E87400CC0AED /* MSUtil.m */,
			);
			path = Tools;
			sourceTree = "<group>";
		};
		821CDFF71F79E5D500CC0AED /* ViewController */ = {
			isa = PBXGroup;
			children = (
				82C8E4171F7A038400514591 /* Test4 */,
				82C8E4161F7A037C00514591 /* Test3 */,
				82C8E4151F7A034E00514591 /* Test2 */,
				82C8E4141F7A033F00514591 /* Test1 */,
				821CE0441F79E9E900CC0AED /* BaseViewController */,
			);
			path = ViewController;
			sourceTree = "<group>";
		};
		821CDFF81F79E5E500CC0AED /* Resources */ = {
			isa = PBXGroup;
			children = (
			);
			path = Resources;
			sourceTree = "<group>";
		};
		821CDFFA1F79E6BB00CC0AED /* MBprogressHUD */ = {
			isa = PBXGroup;
			children = (
				821CDFFB1F79E6BB00CC0AED /* MBProgressHUD+Show.h */,
				821CDFFC1F79E6BB00CC0AED /* MBProgressHUD+Show.m */,
				821CDFFD1F79E6BB00CC0AED /* MBProgressHUD.bundle */,
				821CDFFE1F79E6BB00CC0AED /* MBProgressHUD.h */,
				821CDFFF1F79E6BB00CC0AED /* MBProgressHUD.m */,
			);
			path = MBprogressHUD;
			sourceTree = "<group>";
		};
		821CE0001F79E6BB00CC0AED /* SDWebImage */ = {
			isa = PBXGroup;
			children = (
				821CE0011F79E6BB00CC0AED /* MKAnnotationView+WebCache.h */,
				821CE0021F79E6BB00CC0AED /* MKAnnotationView+WebCache.m */,
				821CE0031F79E6BB00CC0AED /* NSData+ImageContentType.h */,
				821CE0041F79E6BB00CC0AED /* NSData+ImageContentType.m */,
				821CE0051F79E6BB00CC0AED /* SDImageCache.h */,
				821CE0061F79E6BB00CC0AED /* SDImageCache.m */,
				821CE0071F79E6BB00CC0AED /* SDWebImageCompat.h */,
				821CE0081F79E6BB00CC0AED /* SDWebImageCompat.m */,
				821CE0091F79E6BB00CC0AED /* SDWebImageDecoder.h */,
				821CE00A1F79E6BB00CC0AED /* SDWebImageDecoder.m */,
				821CE00B1F79E6BB00CC0AED /* SDWebImageDownloader.h */,
				821CE00C1F79E6BB00CC0AED /* SDWebImageDownloader.m */,
				821CE00D1F79E6BB00CC0AED /* SDWebImageDownloaderOperation.h */,
				821CE00E1F79E6BB00CC0AED /* SDWebImageDownloaderOperation.m */,
				821CE00F1F79E6BB00CC0AED /* SDWebImageManager.h */,
				821CE0101F79E6BB00CC0AED /* SDWebImageManager.m */,
				821CE0111F79E6BB00CC0AED /* SDWebImageOperation.h */,
				821CE0121F79E6BB00CC0AED /* SDWebImagePrefetcher.h */,
				821CE0131F79E6BB00CC0AED /* SDWebImagePrefetcher.m */,
				821CE0141F79E6BB00CC0AED /* UIButton+WebCache.h */,
				821CE0151F79E6BB00CC0AED /* UIButton+WebCache.m */,
				821CE0161F79E6BB00CC0AED /* UIImage+GIF.h */,
				821CE0171F79E6BB00CC0AED /* UIImage+GIF.m */,
				821CE0181F79E6BB00CC0AED /* UIImage+MultiFormat.h */,
				821CE0191F79E6BB00CC0AED /* UIImage+MultiFormat.m */,
				821CE01A1F79E6BB00CC0AED /* UIImage+WebP.h */,
				821CE01B1F79E6BB00CC0AED /* UIImage+WebP.m */,
				821CE01C1F79E6BB00CC0AED /* UIImageView+HighlightedWebCache.h */,
				821CE01D1F79E6BB00CC0AED /* UIImageView+HighlightedWebCache.m */,
				821CE01E1F79E6BB00CC0AED /* UIImageView+WebCache.h */,
				821CE01F1F79E6BB00CC0AED /* UIImageView+WebCache.m */,
				821CE0201F79E6BB00CC0AED /* UIView+WebCacheOperation.h */,
				821CE0211F79E6BB00CC0AED /* UIView+WebCacheOperation.m */,
			);
			path = SDWebImage;
			sourceTree = "<group>";
		};
		821CE0221F79E6BB00CC0AED /* SDCycleScrollView */ = {
			isa = PBXGroup;
			children = (
				821CE0231F79E6BB00CC0AED /* PageControl */,
				821CE02C1F79E6BB00CC0AED /* SDCollectionViewCell.h */,
				821CE02D1F79E6BB00CC0AED /* SDCollectionViewCell.m */,
				821CE02E1F79E6BB00CC0AED /* SDCycleScrollView.h */,
				821CE02F1F79E6BB00CC0AED /* SDCycleScrollView.m */,
				821CE0301F79E6BB00CC0AED /* UIView+SDExtension.h */,
				821CE0311F79E6BB00CC0AED /* UIView+SDExtension.m */,
			);
			path = SDCycleScrollView;
			sourceTree = "<group>";
		};
		821CE0231F79E6BB00CC0AED /* PageControl */ = {
			isa = PBXGroup;
			children = (
				821CE0241F79E6BB00CC0AED /* TAAbstractDotView.h */,
				821CE0251F79E6BB00CC0AED /* TAAbstractDotView.m */,
				821CE0261F79E6BB00CC0AED /* TAAnimatedDotView.h */,
				821CE0271F79E6BB00CC0AED /* TAAnimatedDotView.m */,
				821CE0281F79E6BB00CC0AED /* TADotView.h */,
				821CE0291F79E6BB00CC0AED /* TADotView.m */,
				821CE02A1F79E6BB00CC0AED /* TAPageControl.h */,
				821CE02B1F79E6BB00CC0AED /* TAPageControl.m */,
			);
			path = PageControl;
			sourceTree = "<group>";
		};
		821CE0321F79E6BB00CC0AED /* ClearNav */ = {
			isa = PBXGroup;
			children = (
				821CE0331F79E6BB00CC0AED /* UINavigationBar+alpha.h */,
				821CE0341F79E6BB00CC0AED /* UINavigationBar+alpha.m */,
			);
			path = ClearNav;
			sourceTree = "<group>";
		};
		821CE0351F79E6DE00CC0AED /* Common */ = {
			isa = PBXGroup;
			children = (
				821CDFF91F79E65200CC0AED /* ProjectFramePch.pch */,
				821CE0361F79E72C00CC0AED /* UtilsMacro.h */,
				82C8E4451F7A3A7600514591 /* URLMacro.h */,
				82C8E4491F7A4E9300514591 /* FontAndColorMacros.h */,
				82C8E44A1F7A4EFD00514591 /* ThirdMacros.h */,
			);
			path = Common;
			sourceTree = "<group>";
		};
		821CE0371F79E81600CC0AED /* CYLTabBarController */ = {
			isa = PBXGroup;
			children = (
				82C8E42C1F7A108100514591 /* CYLConstants.h */,
				82C8E4331F7A108200514591 /* CYLPlusButton.h */,
				82C8E42B1F7A108100514591 /* CYLPlusButton.m */,
				82C8E42F1F7A108100514591 /* CYLTabBar.h */,
				82C8E4291F7A108100514591 /* CYLTabBar.m */,
				82C8E4281F7A108100514591 /* CYLTabBarController.h */,
				82C8E4341F7A108200514591 /* CYLTabBarController.m */,
				82C8E4301F7A108200514591 /* UIControl+CYLTabBarControllerExtention.h */,
				82C8E4321F7A108200514591 /* UIControl+CYLTabBarControllerExtention.m */,
				82C8E42E1F7A108100514591 /* UITabBarItem+CYLTabBarControllerExtention.h */,
				82C8E4311F7A108200514591 /* UITabBarItem+CYLTabBarControllerExtention.m */,
				82C8E4271F7A108100514591 /* UIView+CYLTabBarControllerExtention.h */,
				82C8E42A1F7A108100514591 /* UIView+CYLTabBarControllerExtention.m */,
				82C8E42D1F7A108100514591 /* UIViewController+CYLTabBarControllerExtention.h */,
				82C8E4351F7A108200514591 /* UIViewController+CYLTabBarControllerExtention.m */,
			);
			path = CYLTabBarController;
			sourceTree = "<group>";
		};
		821CE0441F79E9E900CC0AED /* BaseViewController */ = {
			isa = PBXGroup;
			children = (
				821CE0451F79EA1600CC0AED /* BaseNavigationController.h */,
				821CE0461F79EA1600CC0AED /* BaseNavigationController.m */,
				821CE0481F79EA2F00CC0AED /* BaseViewController.h */,
				821CE0491F79EA2F00CC0AED /* BaseViewController.m */,
				821CE04B1F79EA6000CC0AED /* BaseWebViewController.h */,
				821CE04C1F79EA6000CC0AED /* BaseWebViewController.m */,
				821CE04E1F79EB1300CC0AED /* UIViewController+PopBlock.h */,
				821CE04F1F79EB1300CC0AED /* UIViewController+PopBlock.m */,
				82C8E4241F7A043600514591 /* JDLTabbarController.h */,
				82C8E4251F7A043600514591 /* JDLTabbarController.m */,
				82C8E43D1F7A186300514591 /* JDLTabbarPlusButton.h */,
				82C8E43E1F7A186300514591 /* JDLTabbarPlusButton.m */,
			);
			path = BaseViewController;
			sourceTree = "<group>";
		};
		82C8E3ED1F79FDA900514591 /* Category */ = {
			isa = PBXGroup;
			children = (
				82C8E3EE1F79FDF200514591 /* UIView+JDLExtension.h */,
				82C8E3EF1F79FDF200514591 /* UIView+JDLExtension.m */,
				82C8E3F11F79FED600514591 /* UIBarButtonItem+JDLAddition.h */,
				82C8E3F21F79FED600514591 /* UIBarButtonItem+JDLAddition.m */,
			);
			path = Category;
			sourceTree = "<group>";
		};
		82C8E4141F7A033F00514591 /* Test1 */ = {
			isa = PBXGroup;
			children = (
				82C8E4211F7A03CA00514591 /* Test1ViewController.h */,
				82C8E4221F7A03CA00514591 /* Test1ViewController.m */,
			);
			path = Test1;
			sourceTree = "<group>";
		};
		82C8E4151F7A034E00514591 /* Test2 */ = {
			isa = PBXGroup;
			children = (
				82C8E41E1F7A03C100514591 /* Test2ViewController.h */,
				82C8E41F1F7A03C100514591 /* Test2ViewController.m */,
			);
			path = Test2;
			sourceTree = "<group>";
		};
		82C8E4161F7A037C00514591 /* Test3 */ = {
			isa = PBXGroup;
			children = (
				82C8E41B1F7A03B700514591 /* Test3ViewController.h */,
				82C8E41C1F7A03B700514591 /* Test3ViewController.m */,
			);
			path = Test3;
			sourceTree = "<group>";
		};
		82C8E4171F7A038400514591 /* Test4 */ = {
			isa = PBXGroup;
			children = (
				82C8E4181F7A03A500514591 /* Test4ViewController.h */,
				82C8E4191F7A03A500514591 /* Test4ViewController.m */,
			);
			path = Test4;
			sourceTree = "<group>";
		};
		82C8E4431F7A343E00514591 /* AppDelegate */ = {
			isa = PBXGroup;
			children = (
				821CDFC01F79E37200CC0AED /* AppDelegate.h */,
				821CDFC11F79E37200CC0AED /* AppDelegate.m */,
				82C8E4401F7A342100514591 /* AppDelegate+AppService.h */,
				82C8E4411F7A342100514591 /* AppDelegate+AppService.m */,
				82C8E4461F7A3BE700514591 /* AppDelegate+PushService.h */,
				82C8E4471F7A3BE700514591 /* AppDelegate+PushService.m */,
			);
			path = AppDelegate;
			sourceTree = "<group>";
		};
		82C8E44B1F7A4F8000514591 /* MJRefresh */ = {
			isa = PBXGroup;
			children = (
				82C8E44C1F7A4F8000514591 /* Base */,
				82C8E4571F7A4F8000514591 /* Custom */,
				82C8E46E1F7A4F8000514591 /* MJRefresh.bundle */,
				82C8E46F1F7A4F8000514591 /* MJRefresh.h */,
				82C8E4701F7A4F8000514591 /* MJRefreshConst.h */,
				82C8E4711F7A4F8000514591 /* MJRefreshConst.m */,
				82C8E4721F7A4F8000514591 /* NSBundle+MJRefresh.h */,
				82C8E4731F7A4F8000514591 /* NSBundle+MJRefresh.m */,
				82C8E4741F7A4F8000514591 /* UIScrollView+MJExtension.h */,
				82C8E4751F7A4F8000514591 /* UIScrollView+MJExtension.m */,
				82C8E4761F7A4F8000514591 /* UIScrollView+MJRefresh.h */,
				82C8E4771F7A4F8000514591 /* UIScrollView+MJRefresh.m */,
				82C8E4781F7A4F8000514591 /* UIView+MJExtension.h */,
				82C8E4791F7A4F8000514591 /* UIView+MJExtension.m */,
			);
			path = MJRefresh;
			sourceTree = "<group>";
		};
		82C8E44C1F7A4F8000514591 /* Base */ = {
			isa = PBXGroup;
			children = (
				82C8E44D1F7A4F8000514591 /* MJRefreshAutoFooter.h */,
				82C8E44E1F7A4F8000514591 /* MJRefreshAutoFooter.m */,
				82C8E44F1F7A4F8000514591 /* MJRefreshBackFooter.h */,
				82C8E4501F7A4F8000514591 /* MJRefreshBackFooter.m */,
				82C8E4511F7A4F8000514591 /* MJRefreshComponent.h */,
				82C8E4521F7A4F8000514591 /* MJRefreshComponent.m */,
				82C8E4531F7A4F8000514591 /* MJRefreshFooter.h */,
				82C8E4541F7A4F8000514591 /* MJRefreshFooter.m */,
				82C8E4551F7A4F8000514591 /* MJRefreshHeader.h */,
				82C8E4561F7A4F8000514591 /* MJRefreshHeader.m */,
			);
			path = Base;
			sourceTree = "<group>";
		};
		82C8E4571F7A4F8000514591 /* Custom */ = {
			isa = PBXGroup;
			children = (
				82C8E4581F7A4F8000514591 /* Footer */,
				82C8E4671F7A4F8000514591 /* Header */,
			);
			path = Custom;
			sourceTree = "<group>";
		};
		82C8E4581F7A4F8000514591 /* Footer */ = {
			isa = PBXGroup;
			children = (
				82C8E4591F7A4F8000514591 /* Auto */,
				82C8E4601F7A4F8000514591 /* Back */,
			);
			path = Footer;
			sourceTree = "<group>";
		};
		82C8E4591F7A4F8000514591 /* Auto */ = {
			isa = PBXGroup;
			children = (
				82C8E45A1F7A4F8000514591 /* MJRefreshAutoGifFooter.h */,
				82C8E45B1F7A4F8000514591 /* MJRefreshAutoGifFooter.m */,
				82C8E45C1F7A4F8000514591 /* MJRefreshAutoNormalFooter.h */,
				82C8E45D1F7A4F8000514591 /* MJRefreshAutoNormalFooter.m */,
				82C8E45E1F7A4F8000514591 /* MJRefreshAutoStateFooter.h */,
				82C8E45F1F7A4F8000514591 /* MJRefreshAutoStateFooter.m */,
			);
			path = Auto;
			sourceTree = "<group>";
		};
		82C8E4601F7A4F8000514591 /* Back */ = {
			isa = PBXGroup;
			children = (
				82C8E4611F7A4F8000514591 /* MJRefreshBackGifFooter.h */,
				82C8E4621F7A4F8000514591 /* MJRefreshBackGifFooter.m */,
				82C8E4631F7A4F8000514591 /* MJRefreshBackNormalFooter.h */,
				82C8E4641F7A4F8000514591 /* MJRefreshBackNormalFooter.m */,
				82C8E4651F7A4F8000514591 /* MJRefreshBackStateFooter.h */,
				82C8E4661F7A4F8000514591 /* MJRefreshBackStateFooter.m */,
			);
			path = Back;
			sourceTree = "<group>";
		};
		82C8E4671F7A4F8000514591 /* Header */ = {
			isa = PBXGroup;
			children = (
				82C8E4681F7A4F8000514591 /* MJRefreshGifHeader.h */,
				82C8E4691F7A4F8000514591 /* MJRefreshGifHeader.m */,
				82C8E46A1F7A4F8000514591 /* MJRefreshNormalHeader.h */,
				82C8E46B1F7A4F8000514591 /* MJRefreshNormalHeader.m */,
				82C8E46C1F7A4F8000514591 /* MJRefreshStateHeader.h */,
				82C8E46D1F7A4F8000514591 /* MJRefreshStateHeader.m */,
			);
			path = Header;
			sourceTree = "<group>";
		};
		A8B3B2FB8F3A9B37B685F315 /* Frameworks */ = {
			isa = PBXGroup;
			children = (
				98E605A65794CA82A91A360B /* libPods-ProjectFrame.a */,
			);
			name = Frameworks;
			sourceTree = "<group>";
		};
/* End PBXGroup section */

/* Begin PBXNativeTarget section */
		821CDFBC1F79E37200CC0AED /* ProjectFrame */ = {
			isa = PBXNativeTarget;
			buildConfigurationList = 821CDFEC1F79E37200CC0AED /* Build configuration list for PBXNativeTarget "ProjectFrame" */;
			buildPhases = (
				A6339FEAAC7FB24E3DB81B35 /* [CP] Check Pods Manifest.lock */,
				821CDFB91F79E37200CC0AED /* Sources */,
				821CDFBA1F79E37200CC0AED /* Frameworks */,
				821CDFBB1F79E37200CC0AED /* Resources */,
				7A124F3F5CCD8AA45F58E4D0 /* [CP] Embed Pods Frameworks */,
				3961B2B1346378CD54E0C0B9 /* [CP] Copy Pods Resources */,
			);
			buildRules = (
			);
			dependencies = (
			);
			name = ProjectFrame;
			productName = ProjectFrame;
			productReference = 821CDFBD1F79E37200CC0AED /* ProjectFrame.app */;
			productType = "com.apple.product-type.application";
		};
		821CDFD71F79E37200CC0AED /* ProjectFrameTests */ = {
			isa = PBXNativeTarget;
			buildConfigurationList = 821CDFEF1F79E37200CC0AED /* Build configuration list for PBXNativeTarget "ProjectFrameTests" */;
			buildPhases = (
				821CDFD41F79E37200CC0AED /* Sources */,
				821CDFD51F79E37200CC0AED /* Frameworks */,
				821CDFD61F79E37200CC0AED /* Resources */,
			);
			buildRules = (
			);
			dependencies = (
				821CDFDA1F79E37200CC0AED /* PBXTargetDependency */,
			);
			name = ProjectFrameTests;
			productName = ProjectFrameTests;
			productReference = 821CDFD81F79E37200CC0AED /* ProjectFrameTests.xctest */;
			productType = "com.apple.product-type.bundle.unit-test";
		};
		821CDFE21F79E37200CC0AED /* ProjectFrameUITests */ = {
			isa = PBXNativeTarget;
			buildConfigurationList = 821CDFF21F79E37200CC0AED /* Build configuration list for PBXNativeTarget "ProjectFrameUITests" */;
			buildPhases = (
				821CDFDF1F79E37200CC0AED /* Sources */,
				821CDFE01F79E37200CC0AED /* Frameworks */,
				821CDFE11F79E37200CC0AED /* Resources */,
			);
			buildRules = (
			);
			dependencies = (
				821CDFE51F79E37200CC0AED /* PBXTargetDependency */,
			);
			name = ProjectFrameUITests;
			productName = ProjectFrameUITests;
			productReference = 821CDFE31F79E37200CC0AED /* ProjectFrameUITests.xctest */;
			productType = "com.apple.product-type.bundle.ui-testing";
		};
/* End PBXNativeTarget section */

/* Begin PBXProject section */
		821CDFB51F79E37200CC0AED /* Project object */ = {
			isa = PBXProject;
			attributes = {
				LastUpgradeCheck = 0900;
				ORGANIZATIONNAME = "BlueSkyer-25";
				TargetAttributes = {
					821CDFBC1F79E37200CC0AED = {
						CreatedOnToolsVersion = 9.0;
						ProvisioningStyle = Automatic;
					};
					821CDFD71F79E37200CC0AED = {
						CreatedOnToolsVersion = 9.0;
						ProvisioningStyle = Automatic;
						TestTargetID = 821CDFBC1F79E37200CC0AED;
					};
					821CDFE21F79E37200CC0AED = {
						CreatedOnToolsVersion = 9.0;
						ProvisioningStyle = Automatic;
						TestTargetID = 821CDFBC1F79E37200CC0AED;
					};
				};
			};
			buildConfigurationList = 821CDFB81F79E37200CC0AED /* Build configuration list for PBXProject "ProjectFrame" */;
			compatibilityVersion = "Xcode 8.0";
			developmentRegion = en;
			hasScannedForEncodings = 0;
			knownRegions = (
				en,
				Base,
			);
			mainGroup = 821CDFB41F79E37200CC0AED;
			productRefGroup = 821CDFBE1F79E37200CC0AED /* Products */;
			projectDirPath = "";
			projectRoot = "";
			targets = (
				821CDFBC1F79E37200CC0AED /* ProjectFrame */,
				821CDFD71F79E37200CC0AED /* ProjectFrameTests */,
				821CDFE21F79E37200CC0AED /* ProjectFrameUITests */,
			);
		};
/* End PBXProject section */

/* Begin PBXResourcesBuildPhase section */
		821CDFBB1F79E37200CC0AED /* Resources */ = {
			isa = PBXResourcesBuildPhase;
			buildActionMask = 2147483647;
			files = (
				821CDFD01F79E37200CC0AED /* LaunchScreen.storyboard in Resources */,
				82C8E3FC1F7A01BA00514591 /* MBProgressHUD.bundle in Resources */,
				821CDFCD1F79E37200CC0AED /* Assets.xcassets in Resources */,
				82C8E47A1F7A4FBB00514591 /* MJRefresh.bundle in Resources */,
				821CDFC81F79E37200CC0AED /* Main.storyboard in Resources */,
			);
			runOnlyForDeploymentPostprocessing = 0;
		};
		821CDFD61F79E37200CC0AED /* Resources */ = {
			isa = PBXResourcesBuildPhase;
			buildActionMask = 2147483647;
			files = (
			);
			runOnlyForDeploymentPostprocessing = 0;
		};
		821CDFE11F79E37200CC0AED /* Resources */ = {
			isa = PBXResourcesBuildPhase;
			buildActionMask = 2147483647;
			files = (
			);
			runOnlyForDeploymentPostprocessing = 0;
		};
/* End PBXResourcesBuildPhase section */

/* Begin PBXShellScriptBuildPhase section */
		3961B2B1346378CD54E0C0B9 /* [CP] Copy Pods Resources */ = {
			isa = PBXShellScriptBuildPhase;
			buildActionMask = 2147483647;
			files = (
			);
			inputPaths = (
			);
			name = "[CP] Copy Pods Resources";
			outputPaths = (
			);
			runOnlyForDeploymentPostprocessing = 0;
			shellPath = /bin/sh;
			shellScript = "\"${SRCROOT}/Pods/Target Support Files/Pods-ProjectFrame/Pods-ProjectFrame-resources.sh\"\n";
			showEnvVarsInLog = 0;
		};
		7A124F3F5CCD8AA45F58E4D0 /* [CP] Embed Pods Frameworks */ = {
			isa = PBXShellScriptBuildPhase;
			buildActionMask = 2147483647;
			files = (
			);
			inputPaths = (
			);
			name = "[CP] Embed Pods Frameworks";
			outputPaths = (
			);
			runOnlyForDeploymentPostprocessing = 0;
			shellPath = /bin/sh;
			shellScript = "\"${SRCROOT}/Pods/Target Support Files/Pods-ProjectFrame/Pods-ProjectFrame-frameworks.sh\"\n";
			showEnvVarsInLog = 0;
		};
		A6339FEAAC7FB24E3DB81B35 /* [CP] Check Pods Manifest.lock */ = {
			isa = PBXShellScriptBuildPhase;
			buildActionMask = 2147483647;
			files = (
			);
			inputPaths = (
			);
			name = "[CP] Check Pods Manifest.lock";
			outputPaths = (
			);
			runOnlyForDeploymentPostprocessing = 0;
			shellPath = /bin/sh;
			shellScript = "diff \"${PODS_PODFILE_DIR_PATH}/Podfile.lock\" \"${PODS_ROOT}/Manifest.lock\" > /dev/null\nif [ $? != 0 ] ; then\n    # print error to STDERR\n    echo \"error: The sandbox is not in sync with the Podfile.lock. Run 'pod install' or update your CocoaPods installation.\" >&2\n    exit 1\nfi\n";
			showEnvVarsInLog = 0;
		};
/* End PBXShellScriptBuildPhase section */

/* Begin PBXSourcesBuildPhase section */
		821CDFB91F79E37200CC0AED /* Sources */ = {
			isa = PBXSourcesBuildPhase;
			buildActionMask = 2147483647;
			files = (
				82C8E48B1F7A500800514591 /* MJRefreshComponent.m in Sources */,
				82C8E47D1F7A4FC700514591 /* UIScrollView+MJExtension.m in Sources */,
				82C8E47B1F7A4FC100514591 /* MJRefreshConst.m in Sources */,
				82C8E4371F7A10A100514591 /* CYLTabBar.m in Sources */,
				82C8E40D1F7A022400514591 /* UIButton+WebCache.m in Sources */,
				82C8E4801F7A4FDC00514591 /* MJRefreshAutoGifFooter.m in Sources */,
				82C8E41D1F7A03B700514591 /* Test3ViewController.m in Sources */,
				82C8E40B1F7A021C00514591 /* SDWebImageManager.m in Sources */,
				82C8E3FE1F7A01CF00514591 /* TAAnimatedDotView.m in Sources */,
				82C8E3F51F7A014F00514591 /* MBProgressHUD+Show.m in Sources */,
				82C8E4821F7A4FE200514591 /* MJRefreshAutoStateFooter.m in Sources */,
				82C8E4891F7A500200514591 /* MJRefreshAutoFooter.m in Sources */,
				82C8E4871F7A4FF700514591 /* MJRefreshNormalHeader.m in Sources */,
				821CE0501F79EB1300CC0AED /* UIViewController+PopBlock.m in Sources */,
				82C8E4091F7A021400514591 /* SDWebImageDownloader.m in Sources */,
				82C8E3F31F79FED600514591 /* UIBarButtonItem+JDLAddition.m in Sources */,
				82C8E4071F7A020F00514591 /* SDWebImageCompat.m in Sources */,
				821CDFC21F79E37200CC0AED /* AppDelegate.m in Sources */,
				821CE04D1F79EA6000CC0AED /* BaseWebViewController.m in Sources */,
				82C8E4031F7A01E000514591 /* UIView+SDExtension.m in Sources */,
				82C8E4131F7A023200514591 /* UIView+WebCacheOperation.m in Sources */,
				82C8E4841F7A4FEC00514591 /* MJRefreshBackNormalFooter.m in Sources */,
				821CE04A1F79EA2F00CC0AED /* BaseViewController.m in Sources */,
				82C8E4121F7A022F00514591 /* UIImageView+WebCache.m in Sources */,
				82C8E47C1F7A4FC300514591 /* NSBundle+MJRefresh.m in Sources */,
				82C8E4101F7A022B00514591 /* UIImage+WebP.m in Sources */,
				82C8E4481F7A3BE700514591 /* AppDelegate+PushService.m in Sources */,
				82C8E4861F7A4FF500514591 /* MJRefreshGifHeader.m in Sources */,
				82C8E4851F7A4FEE00514591 /* MJRefreshBackStateFooter.m in Sources */,
				82C8E4061F7A020C00514591 /* SDImageCache.m in Sources */,
				82C8E3FF1F7A01D200514591 /* TADotView.m in Sources */,
				82C8E47E1F7A4FC900514591 /* UIScrollView+MJRefresh.m in Sources */,
				82C8E4881F7A4FFA00514591 /* MJRefreshStateHeader.m in Sources */,
				82C8E40F1F7A022900514591 /* UIImage+MultiFormat.m in Sources */,
				82C8E40A1F7A021800514591 /* SDWebImageDownloaderOperation.m in Sources */,
				82C8E4111F7A022D00514591 /* UIImageView+HighlightedWebCache.m in Sources */,
				82C8E4421F7A342100514591 /* AppDelegate+AppService.m in Sources */,
				82C8E4011F7A01DA00514591 /* SDCollectionViewCell.m in Sources */,
				821CE0431F79E87400CC0AED /* MSUtil.m in Sources */,
				82C8E3FB1F7A018D00514591 /* UINavigationBar+alpha.m in Sources */,
				82C8E47F1F7A4FCD00514591 /* UIView+MJExtension.m in Sources */,
				82C8E48A1F7A500400514591 /* MJRefreshBackFooter.m in Sources */,
				82C8E3F61F7A015200514591 /* MBProgressHUD.m in Sources */,
				82C8E4051F7A020900514591 /* NSData+ImageContentType.m in Sources */,
				82C8E4001F7A01D500514591 /* TAPageControl.m in Sources */,
				82C8E48D1F7A500E00514591 /* MJRefreshHeader.m in Sources */,
				82C8E41A1F7A03A500514591 /* Test4ViewController.m in Sources */,
				821CDFD31F79E37200CC0AED /* main.m in Sources */,
				82C8E48C1F7A500A00514591 /* MJRefreshFooter.m in Sources */,
				82C8E3FD1F7A01CB00514591 /* TAAbstractDotView.m in Sources */,
				82C8E4391F7A10A600514591 /* UIControl+CYLTabBarControllerExtention.m in Sources */,
				82C8E43F1F7A186300514591 /* JDLTabbarPlusButton.m in Sources */,
				82C8E43A1F7A10A900514591 /* UITabBarItem+CYLTabBarControllerExtention.m in Sources */,
				82C8E4831F7A4FEA00514591 /* MJRefreshBackGifFooter.m in Sources */,
				82C8E4081F7A021200514591 /* SDWebImageDecoder.m in Sources */,
				82C8E4021F7A01DD00514591 /* SDCycleScrollView.m in Sources */,
				82C8E43B1F7A10AC00514591 /* UIView+CYLTabBarControllerExtention.m in Sources */,
				82C8E4231F7A03CA00514591 /* Test1ViewController.m in Sources */,
				821CDFCB1F79E37200CC0AED /* ProjectFrame.xcdatamodeld in Sources */,
				821CE0471F79EA1600CC0AED /* BaseNavigationController.m in Sources */,
				82C8E4261F7A043600514591 /* JDLTabbarController.m in Sources */,
				82C8E4811F7A4FDF00514591 /* MJRefreshAutoNormalFooter.m in Sources */,
				82C8E43C1F7A10B000514591 /* UIViewController+CYLTabBarControllerExtention.m in Sources */,
				82C8E40C1F7A022100514591 /* SDWebImagePrefetcher.m in Sources */,
				82C8E4201F7A03C100514591 /* Test2ViewController.m in Sources */,
				82C8E4041F7A020600514591 /* MKAnnotationView+WebCache.m in Sources */,
				82C8E4381F7A10A400514591 /* CYLTabBarController.m in Sources */,
				82C8E40E1F7A022700514591 /* UIImage+GIF.m in Sources */,
				82C8E4361F7A109B00514591 /* CYLPlusButton.m in Sources */,
				82C8E3F01F79FDF200514591 /* UIView+JDLExtension.m in Sources */,
			);
			runOnlyForDeploymentPostprocessing = 0;
		};
		821CDFD41F79E37200CC0AED /* Sources */ = {
			isa = PBXSourcesBuildPhase;
			buildActionMask = 2147483647;
			files = (
				821CDFDD1F79E37200CC0AED /* ProjectFrameTests.m in Sources */,
			);
			runOnlyForDeploymentPostprocessing = 0;
		};
		821CDFDF1F79E37200CC0AED /* Sources */ = {
			isa = PBXSourcesBuildPhase;
			buildActionMask = 2147483647;
			files = (
				821CDFE81F79E37200CC0AED /* ProjectFrameUITests.m in Sources */,
			);
			runOnlyForDeploymentPostprocessing = 0;
		};
/* End PBXSourcesBuildPhase section */

/* Begin PBXTargetDependency section */
		821CDFDA1F79E37200CC0AED /* PBXTargetDependency */ = {
			isa = PBXTargetDependency;
			target = 821CDFBC1F79E37200CC0AED /* ProjectFrame */;
			targetProxy = 821CDFD91F79E37200CC0AED /* PBXContainerItemProxy */;
		};
		821CDFE51F79E37200CC0AED /* PBXTargetDependency */ = {
			isa = PBXTargetDependency;
			target = 821CDFBC1F79E37200CC0AED /* ProjectFrame */;
			targetProxy = 821CDFE41F79E37200CC0AED /* PBXContainerItemProxy */;
		};
/* End PBXTargetDependency section */

/* Begin PBXVariantGroup section */
		821CDFC61F79E37200CC0AED /* Main.storyboard */ = {
			isa = PBXVariantGroup;
			children = (
				821CDFC71F79E37200CC0AED /* Base */,
			);
			name = Main.storyboard;
			sourceTree = "<group>";
		};
		821CDFCE1F79E37200CC0AED /* LaunchScreen.storyboard */ = {
			isa = PBXVariantGroup;
			children = (
				821CDFCF1F79E37200CC0AED /* Base */,
			);
			name = LaunchScreen.storyboard;
			sourceTree = "<group>";
		};
/* End PBXVariantGroup section */

/* Begin XCBuildConfiguration section */
		821CDFEA1F79E37200CC0AED /* Debug */ = {
			isa = XCBuildConfiguration;
			buildSettings = {
				ALWAYS_SEARCH_USER_PATHS = NO;
				CLANG_ANALYZER_NONNULL = YES;
				CLANG_ANALYZER_NUMBER_OBJECT_CONVERSION = YES_AGGRESSIVE;
				CLANG_CXX_LANGUAGE_STANDARD = "gnu++14";
				CLANG_CXX_LIBRARY = "libc++";
				CLANG_ENABLE_MODULES = YES;
				CLANG_ENABLE_OBJC_ARC = YES;
				CLANG_WARN_BLOCK_CAPTURE_AUTORELEASING = YES;
				CLANG_WARN_BOOL_CONVERSION = YES;
				CLANG_WARN_COMMA = YES;
				CLANG_WARN_CONSTANT_CONVERSION = YES;
				CLANG_WARN_DIRECT_OBJC_ISA_USAGE = YES_ERROR;
				CLANG_WARN_DOCUMENTATION_COMMENTS = YES;
				CLANG_WARN_EMPTY_BODY = YES;
				CLANG_WARN_ENUM_CONVERSION = YES;
				CLANG_WARN_INFINITE_RECURSION = YES;
				CLANG_WARN_INT_CONVERSION = YES;
				CLANG_WARN_NON_LITERAL_NULL_CONVERSION = YES;
				CLANG_WARN_OBJC_LITERAL_CONVERSION = YES;
				CLANG_WARN_OBJC_ROOT_CLASS = YES_ERROR;
				CLANG_WARN_RANGE_LOOP_ANALYSIS = YES;
				CLANG_WARN_STRICT_PROTOTYPES = YES;
				CLANG_WARN_SUSPICIOUS_MOVE = YES;
				CLANG_WARN_UNGUARDED_AVAILABILITY = YES_AGGRESSIVE;
				CLANG_WARN_UNREACHABLE_CODE = YES;
				CLANG_WARN__DUPLICATE_METHOD_MATCH = YES;
				CODE_SIGN_IDENTITY = "iPhone Developer";
				COPY_PHASE_STRIP = NO;
				DEBUG_INFORMATION_FORMAT = dwarf;
				ENABLE_STRICT_OBJC_MSGSEND = YES;
				ENABLE_TESTABILITY = YES;
				GCC_C_LANGUAGE_STANDARD = gnu11;
				GCC_DYNAMIC_NO_PIC = NO;
				GCC_NO_COMMON_BLOCKS = YES;
				GCC_OPTIMIZATION_LEVEL = 0;
				GCC_PREPROCESSOR_DEFINITIONS = (
					"DEBUG=1",
					"$(inherited)",
				);
				GCC_WARN_64_TO_32_BIT_CONVERSION = YES;
				GCC_WARN_ABOUT_RETURN_TYPE = YES_ERROR;
				GCC_WARN_UNDECLARED_SELECTOR = YES;
				GCC_WARN_UNINITIALIZED_AUTOS = YES_AGGRESSIVE;
				GCC_WARN_UNUSED_FUNCTION = YES;
				GCC_WARN_UNUSED_VARIABLE = YES;
				IPHONEOS_DEPLOYMENT_TARGET = 11.0;
				MTL_ENABLE_DEBUG_INFO = YES;
				ONLY_ACTIVE_ARCH = YES;
				SDKROOT = iphoneos;
			};
			name = Debug;
		};
		821CDFEB1F79E37200CC0AED /* Release */ = {
			isa = XCBuildConfiguration;
			buildSettings = {
				ALWAYS_SEARCH_USER_PATHS = NO;
				CLANG_ANALYZER_NONNULL = YES;
				CLANG_ANALYZER_NUMBER_OBJECT_CONVERSION = YES_AGGRESSIVE;
				CLANG_CXX_LANGUAGE_STANDARD = "gnu++14";
				CLANG_CXX_LIBRARY = "libc++";
				CLANG_ENABLE_MODULES = YES;
				CLANG_ENABLE_OBJC_ARC = YES;
				CLANG_WARN_BLOCK_CAPTURE_AUTORELEASING = YES;
				CLANG_WARN_BOOL_CONVERSION = YES;
				CLANG_WARN_COMMA = YES;
				CLANG_WARN_CONSTANT_CONVERSION = YES;
				CLANG_WARN_DIRECT_OBJC_ISA_USAGE = YES_ERROR;
				CLANG_WARN_DOCUMENTATION_COMMENTS = YES;
				CLANG_WARN_EMPTY_BODY = YES;
				CLANG_WARN_ENUM_CONVERSION = YES;
				CLANG_WARN_INFINITE_RECURSION = YES;
				CLANG_WARN_INT_CONVERSION = YES;
				CLANG_WARN_NON_LITERAL_NULL_CONVERSION = YES;
				CLANG_WARN_OBJC_LITERAL_CONVERSION = YES;
				CLANG_WARN_OBJC_ROOT_CLASS = YES_ERROR;
				CLANG_WARN_RANGE_LOOP_ANALYSIS = YES;
				CLANG_WARN_STRICT_PROTOTYPES = YES;
				CLANG_WARN_SUSPICIOUS_MOVE = YES;
				CLANG_WARN_UNGUARDED_AVAILABILITY = YES_AGGRESSIVE;
				CLANG_WARN_UNREACHABLE_CODE = YES;
				CLANG_WARN__DUPLICATE_METHOD_MATCH = YES;
				CODE_SIGN_IDENTITY = "iPhone Developer";
				COPY_PHASE_STRIP = NO;
				DEBUG_INFORMATION_FORMAT = "dwarf-with-dsym";
				ENABLE_NS_ASSERTIONS = NO;
				ENABLE_STRICT_OBJC_MSGSEND = YES;
				GCC_C_LANGUAGE_STANDARD = gnu11;
				GCC_NO_COMMON_BLOCKS = YES;
				GCC_WARN_64_TO_32_BIT_CONVERSION = YES;
				GCC_WARN_ABOUT_RETURN_TYPE = YES_ERROR;
				GCC_WARN_UNDECLARED_SELECTOR = YES;
				GCC_WARN_UNINITIALIZED_AUTOS = YES_AGGRESSIVE;
				GCC_WARN_UNUSED_FUNCTION = YES;
				GCC_WARN_UNUSED_VARIABLE = YES;
				IPHONEOS_DEPLOYMENT_TARGET = 11.0;
				MTL_ENABLE_DEBUG_INFO = NO;
				SDKROOT = iphoneos;
				VALIDATE_PRODUCT = YES;
			};
			name = Release;
		};
		821CDFED1F79E37200CC0AED /* Debug */ = {
			isa = XCBuildConfiguration;
			baseConfigurationReference = 64C7F0ED8618F18593D54FC0 /* Pods-ProjectFrame.debug.xcconfig */;
			buildSettings = {
				ASSETCATALOG_COMPILER_APPICON_NAME = AppIcon;
				CODE_SIGN_STYLE = Automatic;
				DEVELOPMENT_TEAM = P9TSVR4F6P;
				ENABLE_BITCODE = YES;
				GCC_PRECOMPILE_PREFIX_HEADER = YES;
				GCC_PREFIX_HEADER = /Users/shengxuandianzi/Desktop/SunBoyDocument/ProjectFrame/ProjectFrame/Common/ProjectFramePch.pch;
				INFOPLIST_FILE = ProjectFrame/Info.plist;
				LD_RUNPATH_SEARCH_PATHS = "$(inherited) @executable_path/Frameworks";
				PRODUCT_BUNDLE_IDENTIFIER = JDL.ProjectFrame;
				PRODUCT_NAME = "$(TARGET_NAME)";
				TARGETED_DEVICE_FAMILY = "1,2";
			};
			name = Debug;
		};
		821CDFEE1F79E37200CC0AED /* Release */ = {
			isa = XCBuildConfiguration;
			baseConfigurationReference = E1103489F41B0264E644B0D3 /* Pods-ProjectFrame.release.xcconfig */;
			buildSettings = {
				ASSETCATALOG_COMPILER_APPICON_NAME = AppIcon;
				CODE_SIGN_STYLE = Automatic;
				DEVELOPMENT_TEAM = P9TSVR4F6P;
				ENABLE_BITCODE = YES;
				GCC_PRECOMPILE_PREFIX_HEADER = YES;
				GCC_PREFIX_HEADER = /Users/shengxuandianzi/Desktop/SunBoyDocument/ProjectFrame/ProjectFrame/Common/ProjectFramePch.pch;
				INFOPLIST_FILE = ProjectFrame/Info.plist;
				LD_RUNPATH_SEARCH_PATHS = "$(inherited) @executable_path/Frameworks";
				PRODUCT_BUNDLE_IDENTIFIER = JDL.ProjectFrame;
				PRODUCT_NAME = "$(TARGET_NAME)";
				TARGETED_DEVICE_FAMILY = "1,2";
			};
			name = Release;
		};
		821CDFF01F79E37200CC0AED /* Debug */ = {
			isa = XCBuildConfiguration;
			buildSettings = {
				BUNDLE_LOADER = "$(TEST_HOST)";
				CODE_SIGN_STYLE = Automatic;
				DEVELOPMENT_TEAM = P9TSVR4F6P;
				INFOPLIST_FILE = ProjectFrameTests/Info.plist;
				LD_RUNPATH_SEARCH_PATHS = "$(inherited) @executable_path/Frameworks @loader_path/Frameworks";
				PRODUCT_BUNDLE_IDENTIFIER = JDL.ProjectFrameTests;
				PRODUCT_NAME = "$(TARGET_NAME)";
				TARGETED_DEVICE_FAMILY = "1,2";
				TEST_HOST = "$(BUILT_PRODUCTS_DIR)/ProjectFrame.app/ProjectFrame";
			};
			name = Debug;
		};
		821CDFF11F79E37200CC0AED /* Release */ = {
			isa = XCBuildConfiguration;
			buildSettings = {
				BUNDLE_LOADER = "$(TEST_HOST)";
				CODE_SIGN_STYLE = Automatic;
				DEVELOPMENT_TEAM = P9TSVR4F6P;
				INFOPLIST_FILE = ProjectFrameTests/Info.plist;
				LD_RUNPATH_SEARCH_PATHS = "$(inherited) @executable_path/Frameworks @loader_path/Frameworks";
				PRODUCT_BUNDLE_IDENTIFIER = JDL.ProjectFrameTests;
				PRODUCT_NAME = "$(TARGET_NAME)";
				TARGETED_DEVICE_FAMILY = "1,2";
				TEST_HOST = "$(BUILT_PRODUCTS_DIR)/ProjectFrame.app/ProjectFrame";
			};
			name = Release;
		};
		821CDFF31F79E37200CC0AED /* Debug */ = {
			isa = XCBuildConfiguration;
			buildSettings = {
				CODE_SIGN_STYLE = Automatic;
				DEVELOPMENT_TEAM = P9TSVR4F6P;
				INFOPLIST_FILE = ProjectFrameUITests/Info.plist;
				LD_RUNPATH_SEARCH_PATHS = "$(inherited) @executable_path/Frameworks @loader_path/Frameworks";
				PRODUCT_BUNDLE_IDENTIFIER = JDL.ProjectFrameUITests;
				PRODUCT_NAME = "$(TARGET_NAME)";
				TARGETED_DEVICE_FAMILY = "1,2";
				TEST_TARGET_NAME = ProjectFrame;
			};
			name = Debug;
		};
		821CDFF41F79E37200CC0AED /* Release */ = {
			isa = XCBuildConfiguration;
			buildSettings = {
				CODE_SIGN_STYLE = Automatic;
				DEVELOPMENT_TEAM = P9TSVR4F6P;
				INFOPLIST_FILE = ProjectFrameUITests/Info.plist;
				LD_RUNPATH_SEARCH_PATHS = "$(inherited) @executable_path/Frameworks @loader_path/Frameworks";
				PRODUCT_BUNDLE_IDENTIFIER = JDL.ProjectFrameUITests;
				PRODUCT_NAME = "$(TARGET_NAME)";
				TARGETED_DEVICE_FAMILY = "1,2";
				TEST_TARGET_NAME = ProjectFrame;
			};
			name = Release;
		};
/* End XCBuildConfiguration section */

/* Begin XCConfigurationList section */
		821CDFB81F79E37200CC0AED /* Build configuration list for PBXProject "ProjectFrame" */ = {
			isa = XCConfigurationList;
			buildConfigurations = (
				821CDFEA1F79E37200CC0AED /* Debug */,
				821CDFEB1F79E37200CC0AED /* Release */,
			);
			defaultConfigurationIsVisible = 0;
			defaultConfigurationName = Release;
		};
		821CDFEC1F79E37200CC0AED /* Build configuration list for PBXNativeTarget "ProjectFrame" */ = {
			isa = XCConfigurationList;
			buildConfigurations = (
				821CDFED1F79E37200CC0AED /* Debug */,
				821CDFEE1F79E37200CC0AED /* Release */,
			);
			defaultConfigurationIsVisible = 0;
			defaultConfigurationName = Release;
		};
		821CDFEF1F79E37200CC0AED /* Build configuration list for PBXNativeTarget "ProjectFrameTests" */ = {
			isa = XCConfigurationList;
			buildConfigurations = (
				821CDFF01F79E37200CC0AED /* Debug */,
				821CDFF11F79E37200CC0AED /* Release */,
			);
			defaultConfigurationIsVisible = 0;
			defaultConfigurationName = Release;
		};
		821CDFF21F79E37200CC0AED /* Build configuration list for PBXNativeTarget "ProjectFrameUITests" */ = {
			isa = XCConfigurationList;
			buildConfigurations = (
				821CDFF31F79E37200CC0AED /* Debug */,
				821CDFF41F79E37200CC0AED /* Release */,
			);
			defaultConfigurationIsVisible = 0;
			defaultConfigurationName = Release;
		};
/* End XCConfigurationList section */

/* Begin XCVersionGroup section */
		821CDFC91F79E37200CC0AED /* ProjectFrame.xcdatamodeld */ = {
			isa = XCVersionGroup;
			children = (
				821CDFCA1F79E37200CC0AED /* ProjectFrame.xcdatamodel */,
			);
			currentVersion = 821CDFCA1F79E37200CC0AED /* ProjectFrame.xcdatamodel */;
			path = ProjectFrame.xcdatamodeld;
			sourceTree = "<group>";
			versionGroupType = wrapper.xcdatamodel;
		};
/* End XCVersionGroup section */
	};
	rootObject = 821CDFB51F79E37200CC0AED /* Project object */;
}
