// !$*UTF8*$!
{
	archiveVersion = 1;
	classes = {
	};
	objectVersion = 48;
	objects = {

/* Begin PBXBuildFile section */
		821CDFC21F79E37200CC0AED /* AppDelegate.m in Sources */ = {isa = PBXBuildFile; fileRef = 821CDFC11F79E37200CC0AED /* AppDelegate.m */; };
		821CDFC81F79E37200CC0AED /* Main.storyboard in Resources */ = {isa = PBXBuildFile; fileRef = 821CDFC61F79E37200CC0AED /* Main.storyboard */; };
		821CDFCB1F79E37200CC0AED /* ProjectFrame.xcdatamodeld in Sources */ = {isa = PBXBuildFile; fileRef = 821CDFC91F79E37200CC0AED /* ProjectFrame.xcdatamodeld */; };
		821CDFCD1F79E37200CC0AED /* Assets.xcassets in Resources */ = {isa = PBXBuildFile; fileRef = 821CDFCC1F79E37200CC0AED /* Assets.xcassets */; };
		821CDFD01F79E37200CC0AED /* LaunchScreen.storyboard in Resources */ = {isa = PBXBuildFile; fileRef = 821CDFCE1F79E37200CC0AED /* LaunchScreen.storyboard */; };
		821CDFD31F79E37200CC0AED /* main.m in Sources */ = {isa = PBXBuildFile; fileRef = 821CDFD21F79E37200CC0AED /* main.m */; };
		821CDFDD1F79E37200CC0AED /* ProjectFrameTests.m in Sources */ = {isa = PBXBuildFile; fileRef = 821CDFDC1F79E37200CC0AED /* ProjectFrameTests.m */; };
		821CDFE81F79E37200CC0AED /* ProjectFrameUITests.m in Sources */ = {isa = PBXBuildFile; fileRef = 821CDFE71F79E37200CC0AED /* ProjectFrameUITests.m */; };
		821CE0431F79E87400CC0AED /* MSUtil.m in Sources */ = {isa = PBXBuildFile; fileRef = 821CE0421F79E87400CC0AED /* MSUtil.m */; };
		821CE0471F79EA1600CC0AED /* BaseNavigationController.m in Sources */ = {isa = PBXBuildFile; fileRef = 821CE0461F79EA1600CC0AED /* BaseNavigationController.m */; };
		821CE04A1F79EA2F00CC0AED /* BaseViewController.m in Sources */ = {isa = PBXBuildFile; fileRef = 821CE0491F79EA2F00CC0AED /* BaseViewController.m */; };
		821CE04D1F79EA6000CC0AED /* BaseWebViewController.m in Sources */ = {isa = PBXBuildFile; fileRef = 821CE04C1F79EA6000CC0AED /* BaseWebViewController.m */; };
		821CE0501F79EB1300CC0AED /* UIViewController+PopBlock.m in Sources */ = {isa = PBXBuildFile; fileRef = 821CE04F1F79EB1300CC0AED /* UIViewController+PopBlock.m */; };
/* End PBXBuildFile section */

/* Begin PBXContainerItemProxy section */
		821CDFD91F79E37200CC0AED /* PBXContainerItemProxy */ = {
			isa = PBXContainerItemProxy;
			containerPortal = 821CDFB51F79E37200CC0AED /* Project object */;
			proxyType = 1;
			remoteGlobalIDString = 821CDFBC1F79E37200CC0AED;
			remoteInfo = ProjectFrame;
		};
		821CDFE41F79E37200CC0AED /* PBXContainerItemProxy */ = {
			isa = PBXContainerItemProxy;
			containerPortal = 821CDFB51F79E37200CC0AED /* Project object */;
			proxyType = 1;
			remoteGlobalIDString = 821CDFBC1F79E37200CC0AED;
			remoteInfo = ProjectFrame;
		};
/* End PBXContainerItemProxy section */

/* Begin PBXFileReference section */
		821CDFBD1F79E37200CC0AED /* ProjectFrame.app */ = {isa = PBXFileReference; explicitFileType = wrapper.application; includeInIndex = 0; path = ProjectFrame.app; sourceTree = BUILT_PRODUCTS_DIR; };
		821CDFC01F79E37200CC0AED /* AppDelegate.h */ = {isa = PBXFileReference; lastKnownFileType = sourcecode.c.h; path = AppDelegate.h; sourceTree = "<group>"; };
		821CDFC11F79E37200CC0AED /* AppDelegate.m */ = {isa = PBXFileReference; lastKnownFileType = sourcecode.c.objc; path = AppDelegate.m; sourceTree = "<group>"; };
		821CDFC71F79E37200CC0AED /* Base */ = {isa = PBXFileReference; lastKnownFileType = file.storyboard; name = Base; path = Base.lproj/Main.storyboard; sourceTree = "<group>"; };
		821CDFCA1F79E37200CC0AED /* ProjectFrame.xcdatamodel */ = {isa = PBXFileReference; lastKnownFileType = wrapper.xcdatamodel; path = ProjectFrame.xcdatamodel; sourceTree = "<group>"; };
		821CDFCC1F79E37200CC0AED /* Assets.xcassets */ = {isa = PBXFileReference; lastKnownFileType = folder.assetcatalog; path = Assets.xcassets; sourceTree = "<group>"; };
		821CDFCF1F79E37200CC0AED /* Base */ = {isa = PBXFileReference; lastKnownFileType = file.storyboard; name = Base; path = Base.lproj/LaunchScreen.storyboard; sourceTree = "<group>"; };
		821CDFD11F79E37200CC0AED /* Info.plist */ = {isa = PBXFileReference; lastKnownFileType = text.plist.xml; path = Info.plist; sourceTree = "<group>"; };
		821CDFD21F79E37200CC0AED /* main.m */ = {isa = PBXFileReference; lastKnownFileType = sourcecode.c.objc; path = main.m; sourceTree = "<group>"; };
		821CDFD81F79E37200CC0AED /* ProjectFrameTests.xctest */ = {isa = PBXFileReference; explicitFileType = wrapper.cfbundle; includeInIndex = 0; path = ProjectFrameTests.xctest; sourceTree = BUILT_PRODUCTS_DIR; };
		821CDFDC1F79E37200CC0AED /* ProjectFrameTests.m */ = {isa = PBXFileReference; lastKnownFileType = sourcecode.c.objc; path = ProjectFrameTests.m; sourceTree = "<group>"; };
		821CDFDE1F79E37200CC0AED /* Info.plist */ = {isa = PBXFileReference; lastKnownFileType = text.plist.xml; path = Info.plist; sourceTree = "<group>"; };
		821CDFE31F79E37200CC0AED /* ProjectFrameUITests.xctest */ = {isa = PBXFileReference; explicitFileType = wrapper.cfbundle; includeInIndex = 0; path = ProjectFrameUITests.xctest; sourceTree = BUILT_PRODUCTS_DIR; };
		821CDFE71F79E37200CC0AED /* ProjectFrameUITests.m */ = {isa = PBXFileReference; lastKnownFileType = sourcecode.c.objc; path = ProjectFrameUITests.m; sourceTree = "<group>"; };
		821CDFE91F79E37200CC0AED /* Info.plist */ = {isa = PBXFileReference; lastKnownFileType = text.plist.xml; path = Info.plist; sourceTree = "<group>"; };
		821CDFF91F79E65200CC0AED /* ProjectFramePch.pch */ = {isa = PBXFileReference; lastKnownFileType = sourcecode.c.h; path = ProjectFramePch.pch; sourceTree = "<group>"; };
		821CDFFB1F79E6BB00CC0AED /* MBProgressHUD+Show.h */ = {isa = PBXFileReference; lastKnownFileType = sourcecode.c.h; path = "MBProgressHUD+Show.h"; sourceTree = "<group>"; };
		821CDFFC1F79E6BB00CC0AED /* MBProgressHUD+Show.m */ = {isa = PBXFileReference; lastKnownFileType = sourcecode.c.objc; path = "MBProgressHUD+Show.m"; sourceTree = "<group>"; };
		821CDFFD1F79E6BB00CC0AED /* MBProgressHUD.bundle */ = {isa = PBXFileReference; lastKnownFileType = "wrapper.plug-in"; path = MBProgressHUD.bundle; sourceTree = "<group>"; };
		821CDFFE1F79E6BB00CC0AED /* MBProgressHUD.h */ = {isa = PBXFileReference; lastKnownFileType = sourcecode.c.h; path = MBProgressHUD.h; sourceTree = "<group>"; };
		821CDFFF1F79E6BB00CC0AED /* MBProgressHUD.m */ = {isa = PBXFileReference; lastKnownFileType = sourcecode.c.objc; path = MBProgressHUD.m; sourceTree = "<group>"; };
		821CE0011F79E6BB00CC0AED /* MKAnnotationView+WebCache.h */ = {isa = PBXFileReference; lastKnownFileType = sourcecode.c.h; path = "MKAnnotationView+WebCache.h"; sourceTree = "<group>"; };
		821CE0021F79E6BB00CC0AED /* MKAnnotationView+WebCache.m */ = {isa = PBXFileReference; lastKnownFileType = sourcecode.c.objc; path = "MKAnnotationView+WebCache.m"; sourceTree = "<group>"; };
		821CE0031F79E6BB00CC0AED /* NSData+ImageContentType.h */ = {isa = PBXFileReference; lastKnownFileType = sourcecode.c.h; path = "NSData+ImageContentType.h"; sourceTree = "<group>"; };
		821CE0041F79E6BB00CC0AED /* NSData+ImageContentType.m */ = {isa = PBXFileReference; lastKnownFileType = sourcecode.c.objc; path = "NSData+ImageContentType.m"; sourceTree = "<group>"; };
		821CE0051F79E6BB00CC0AED /* SDImageCache.h */ = {isa = PBXFileReference; lastKnownFileType = sourcecode.c.h; path = SDImageCache.h; sourceTree = "<group>"; };
		821CE0061F79E6BB00CC0AED /* SDImageCache.m */ = {isa = PBXFileReference; lastKnownFileType = sourcecode.c.objc; path = SDImageCache.m; sourceTree = "<group>"; };
		821CE0071F79E6BB00CC0AED /* SDWebImageCompat.h */ = {isa = PBXFileReference; lastKnownFileType = sourcecode.c.h; path = SDWebImageCompat.h; sourceTree = "<group>"; };
		821CE0081F79E6BB00CC0AED /* SDWebImageCompat.m */ = {isa = PBXFileReference; lastKnownFileType = sourcecode.c.objc; path = SDWebImageCompat.m; sourceTree = "<group>"; };
		821CE0091F79E6BB00CC0AED /* SDWebImageDecoder.h */ = {isa = PBXFileReference; lastKnownFileType = sourcecode.c.h; path = SDWebImageDecoder.h; sourceTree = "<group>"; };
		821CE00A1F79E6BB00CC0AED /* SDWebImageDecoder.m */ = {isa = PBXFileReference; lastKnownFileType = sourcecode.c.objc; path = SDWebImageDecoder.m; sourceTree = "<group>"; };
		821CE00B1F79E6BB00CC0AED /* SDWebImageDownloader.h */ = {isa = PBXFileReference; lastKnownFileType = sourcecode.c.h; path = SDWebImageDownloader.h; sourceTree = "<group>"; };
		821CE00C1F79E6BB00CC0AED /* SDWebImageDownloader.m */ = {isa = PBXFileReference; lastKnownFileType = sourcecode.c.objc; path = SDWebImageDownloader.m; sourceTree = "<group>"; };
		821CE00D1F79E6BB00CC0AED /* SDWebImageDownloaderOperation.h */ = {isa = PBXFileReference; lastKnownFileType = sourcecode.c.h; path = SDWebImageDownloaderOperation.h; sourceTree = "<group>"; };
		821CE00E1F79E6BB00CC0AED /* SDWebImageDownloaderOperation.m */ = {isa = PBXFileReference; lastKnownFileType = sourcecode.c.objc; path = SDWebImageDownloaderOperation.m; sourceTree = "<group>"; };
		821CE00F1F79E6BB00CC0AED /* SDWebImageManager.h */ = {isa = PBXFileReference; lastKnownFileType = sourcecode.c.h; path = SDWebImageManager.h; sourceTree = "<group>"; };
		821CE0101F79E6BB00CC0AED /* SDWebImageManager.m */ = {isa = PBXFileReference; lastKnownFileType = sourcecode.c.objc; path = SDWebImageManager.m; sourceTree = "<group>"; };
		821CE0111F79E6BB00CC0AED /* SDWebImageOperation.h */ = {isa = PBXFileReference; lastKnownFileType = sourcecode.c.h; path = SDWebImageOperation.h; sourceTree = "<group>"; };
		821CE0121F79E6BB00CC0AED /* SDWebImagePrefetcher.h */ = {isa = PBXFileReference; lastKnownFileType = sourcecode.c.h; path = SDWebImagePrefetcher.h; sourceTree = "<group>"; };
		821CE0131F79E6BB00CC0AED /* SDWebImagePrefetcher.m */ = {isa = PBXFileReference; lastKnownFileType = sourcecode.c.objc; path = SDWebImagePrefetcher.m; sourceTree = "<group>"; };
		821CE0141F79E6BB00CC0AED /* UIButton+WebCache.h */ = {isa = PBXFileReference; lastKnownFileType = sourcecode.c.h; path = "UIButton+WebCache.h"; sourceTree = "<group>"; };
		821CE0151F79E6BB00CC0AED /* UIButton+WebCache.m */ = {isa = PBXFileReference; lastKnownFileType = sourcecode.c.objc; path = "UIButton+WebCache.m"; sourceTree = "<group>"; };
		821CE0161F79E6BB00CC0AED /* UIImage+GIF.h */ = {isa = PBXFileReference; lastKnownFileType = sourcecode.c.h; path = "UIImage+GIF.h"; sourceTree = "<group>"; };
		821CE0171F79E6BB00CC0AED /* UIImage+GIF.m */ = {isa = PBXFileReference; lastKnownFileType = sourcecode.c.objc; path = "UIImage+GIF.m"; sourceTree = "<group>"; };
		821CE0181F79E6BB00CC0AED /* UIImage+MultiFormat.h */ = {isa = PBXFileReference; lastKnownFileType = sourcecode.c.h; path = "UIImage+MultiFormat.h"; sourceTree = "<group>"; };
		821CE0191F79E6BB00CC0AED /* UIImage+MultiFormat.m */ = {isa = PBXFileReference; lastKnownFileType = sourcecode.c.objc; path = "UIImage+MultiFormat.m"; sourceTree = "<group>"; };
		821CE01A1F79E6BB00CC0AED /* UIImage+WebP.h */ = {isa = PBXFileReference; lastKnownFileType = sourcecode.c.h; path = "UIImage+WebP.h"; sourceTree = "<group>"; };
		821CE01B1F79E6BB00CC0AED /* UIImage+WebP.m */ = {isa = PBXFileReference; lastKnownFileType = sourcecode.c.objc; path = "UIImage+WebP.m"; sourceTree = "<group>"; };
		821CE01C1F79E6BB00CC0AED /* UIImageView+HighlightedWebCache.h */ = {isa = PBXFileReference; lastKnownFileType = sourcecode.c.h; path = "UIImageView+HighlightedWebCache.h"; sourceTree = "<group>"; };
		821CE01D1F79E6BB00CC0AED /* UIImageView+HighlightedWebCache.m */ = {isa = PBXFileReference; lastKnownFileType = sourcecode.c.objc; path = "UIImageView+HighlightedWebCache.m"; sourceTree = "<group>"; };
		821CE01E1F79E6BB00CC0AED /* UIImageView+WebCache.h */ = {isa = PBXFileReference; lastKnownFileType = sourcecode.c.h; path = "UIImageView+WebCache.h"; sourceTree = "<group>"; };
		821CE01F1F79E6BB00CC0AED /* UIImageView+WebCache.m */ = {isa = PBXFileReference; lastKnownFileType = sourcecode.c.objc; path = "UIImageView+WebCache.m"; sourceTree = "<group>"; };
		821CE0201F79E6BB00CC0AED /* UIView+WebCacheOperation.h */ = {isa = PBXFileReference; lastKnownFileType = sourcecode.c.h; path = "UIView+WebCacheOperation.h"; sourceTree = "<group>"; };
		821CE0211F79E6BB00CC0AED /* UIView+WebCacheOperation.m */ = {isa = PBXFileReference; lastKnownFileType = sourcecode.c.objc; path = "UIView+WebCacheOperation.m"; sourceTree = "<group>"; };
		821CE0241F79E6BB00CC0AED /* TAAbstractDotView.h */ = {isa = PBXFileReference; lastKnownFileType = sourcecode.c.h; path = TAAbstractDotView.h; sourceTree = "<group>"; };
		821CE0251F79E6BB00CC0AED /* TAAbstractDotView.m */ = {isa = PBXFileReference; lastKnownFileType = sourcecode.c.objc; path = TAAbstractDotView.m; sourceTree = "<group>"; };
		821CE0261F79E6BB00CC0AED /* TAAnimatedDotView.h */ = {isa = PBXFileReference; lastKnownFileType = sourcecode.c.h; path = TAAnimatedDotView.h; sourceTree = "<group>"; };
		821CE0271F79E6BB00CC0AED /* TAAnimatedDotView.m */ = {isa = PBXFileReference; lastKnownFileType = sourcecode.c.objc; path = TAAnimatedDotView.m; sourceTree = "<group>"; };
		821CE0281F79E6BB00CC0AED /* TADotView.h */ = {isa = PBXFileReference; lastKnownFileType = sourcecode.c.h; path = TADotView.h; sourceTree = "<group>"; };
		821CE0291F79E6BB00CC0AED /* TADotView.m */ = {isa = PBXFileReference; lastKnownFileType = sourcecode.c.objc; path = TADotView.m; sourceTree = "<group>"; };
		821CE02A1F79E6BB00CC0AED /* TAPageControl.h */ = {isa = PBXFileReference; lastKnownFileType = sourcecode.c.h; path = TAPageControl.h; sourceTree = "<group>"; };
		821CE02B1F79E6BB00CC0AED /* TAPageControl.m */ = {isa = PBXFileReference; lastKnownFileType = sourcecode.c.objc; path = TAPageControl.m; sourceTree = "<group>"; };
		821CE02C1F79E6BB00CC0AED /* SDCollectionViewCell.h */ = {isa = PBXFileReference; lastKnownFileType = sourcecode.c.h; path = SDCollectionViewCell.h; sourceTree = "<group>"; };
		821CE02D1F79E6BB00CC0AED /* SDCollectionViewCell.m */ = {isa = PBXFileReference; lastKnownFileType = sourcecode.c.objc; path = SDCollectionViewCell.m; sourceTree = "<group>"; };
		821CE02E1F79E6BB00CC0AED /* SDCycleScrollView.h */ = {isa = PBXFileReference; lastKnownFileType = sourcecode.c.h; path = SDCycleScrollView.h; sourceTree = "<group>"; };
		821CE02F1F79E6BB00CC0AED /* SDCycleScrollView.m */ = {isa = PBXFileReference; lastKnownFileType = sourcecode.c.objc; path = SDCycleScrollView.m; sourceTree = "<group>"; };
		821CE0301F79E6BB00CC0AED /* UIView+SDExtension.h */ = {isa = PBXFileReference; lastKnownFileType = sourcecode.c.h; path = "UIView+SDExtension.h"; sourceTree = "<group>"; };
		821CE0311F79E6BB00CC0AED /* UIView+SDExtension.m */ = {isa = PBXFileReference; lastKnownFileType = sourcecode.c.objc; path = "UIView+SDExtension.m"; sourceTree = "<group>"; };
		821CE0331F79E6BB00CC0AED /* UINavigationBar+alpha.h */ = {isa = PBXFileReference; lastKnownFileType = sourcecode.c.h; path = "UINavigationBar+alpha.h"; sourceTree = "<group>"; };
		821CE0341F79E6BB00CC0AED /* UINavigationBar+alpha.m */ = {isa = PBXFileReference; lastKnownFileType = sourcecode.c.objc; path = "UINavigationBar+alpha.m"; sourceTree = "<group>"; };
		821CE0361F79E72C00CC0AED /* Macro.h */ = {isa = PBXFileReference; lastKnownFileType = sourcecode.c.h; path = Macro.h; sourceTree = "<group>"; };
		821CE0381F79E81600CC0AED /* CYLConstants.h */ = {isa = PBXFileReference; lastKnownFileType = sourcecode.c.h; path = CYLConstants.h; sourceTree = "<group>"; };
		821CE0391F79E81600CC0AED /* CYLPlusButton.h */ = {isa = PBXFileReference; lastKnownFileType = sourcecode.c.h; path = CYLPlusButton.h; sourceTree = "<group>"; };
		821CE03A1F79E81600CC0AED /* CYLPlusButton.m */ = {isa = PBXFileReference; lastKnownFileType = sourcecode.c.objc; path = CYLPlusButton.m; sourceTree = "<group>"; };
		821CE03B1F79E81600CC0AED /* CYLTabBar.h */ = {isa = PBXFileReference; lastKnownFileType = sourcecode.c.h; path = CYLTabBar.h; sourceTree = "<group>"; };
		821CE03C1F79E81600CC0AED /* CYLTabBar.m */ = {isa = PBXFileReference; lastKnownFileType = sourcecode.c.objc; path = CYLTabBar.m; sourceTree = "<group>"; };
		821CE03D1F79E81600CC0AED /* CYLTabBarController.h */ = {isa = PBXFileReference; lastKnownFileType = sourcecode.c.h; path = CYLTabBarController.h; sourceTree = "<group>"; };
		821CE03E1F79E81600CC0AED /* CYLTabBarController.m */ = {isa = PBXFileReference; lastKnownFileType = sourcecode.c.objc; path = CYLTabBarController.m; sourceTree = "<group>"; };
		821CE03F1F79E81600CC0AED /* UIViewController+CYLTabBarControllerExtention.h */ = {isa = PBXFileReference; lastKnownFileType = sourcecode.c.h; path = "UIViewController+CYLTabBarControllerExtention.h"; sourceTree = "<group>"; };
		821CE0401F79E81600CC0AED /* UIViewController+CYLTabBarControllerExtention.m */ = {isa = PBXFileReference; lastKnownFileType = sourcecode.c.objc; path = "UIViewController+CYLTabBarControllerExtention.m"; sourceTree = "<group>"; };
		821CE0411F79E87400CC0AED /* MSUtil.h */ = {isa = PBXFileReference; lastKnownFileType = sourcecode.c.h; path = MSUtil.h; sourceTree = "<group>"; };
		821CE0421F79E87400CC0AED /* MSUtil.m */ = {isa = PBXFileReference; lastKnownFileType = sourcecode.c.objc; path = MSUtil.m; sourceTree = "<group>"; };
		821CE0451F79EA1600CC0AED /* BaseNavigationController.h */ = {isa = PBXFileReference; lastKnownFileType = sourcecode.c.h; path = BaseNavigationController.h; sourceTree = "<group>"; };
		821CE0461F79EA1600CC0AED /* BaseNavigationController.m */ = {isa = PBXFileReference; lastKnownFileType = sourcecode.c.objc; path = BaseNavigationController.m; sourceTree = "<group>"; };
		821CE0481F79EA2F00CC0AED /* BaseViewController.h */ = {isa = PBXFileReference; lastKnownFileType = sourcecode.c.h; path = BaseViewController.h; sourceTree = "<group>"; };
		821CE0491F79EA2F00CC0AED /* BaseViewController.m */ = {isa = PBXFileReference; lastKnownFileType = sourcecode.c.objc; path = BaseViewController.m; sourceTree = "<group>"; };
		821CE04B1F79EA6000CC0AED /* BaseWebViewController.h */ = {isa = PBXFileReference; lastKnownFileType = sourcecode.c.h; path = BaseWebViewController.h; sourceTree = "<group>"; };
		821CE04C1F79EA6000CC0AED /* BaseWebViewController.m */ = {isa = PBXFileReference; lastKnownFileType = sourcecode.c.objc; path = BaseWebViewController.m; sourceTree = "<group>"; };
		821CE04E1F79EB1300CC0AED /* UIViewController+PopBlock.h */ = {isa = PBXFileReference; lastKnownFileType = sourcecode.c.h; path = "UIViewController+PopBlock.h"; sourceTree = "<group>"; };
		821CE04F1F79EB1300CC0AED /* UIViewController+PopBlock.m */ = {isa = PBXFileReference; lastKnownFileType = sourcecode.c.objc; path = "UIViewController+PopBlock.m"; sourceTree = "<group>"; };
/* End PBXFileReference section */

/* Begin PBXFrameworksBuildPhase section */
		821CDFBA1F79E37200CC0AED /* Frameworks */ = {
			isa = PBXFrameworksBuildPhase;
			buildActionMask = 2147483647;
			files = (
			);
			runOnlyForDeploymentPostprocessing = 0;
		};
		821CDFD51F79E37200CC0AED /* Frameworks */ = {
			isa = PBXFrameworksBuildPhase;
			buildActionMask = 2147483647;
			files = (
			);
			runOnlyForDeploymentPostprocessing = 0;
		};
		821CDFE01F79E37200CC0AED /* Frameworks */ = {
			isa = PBXFrameworksBuildPhase;
			buildActionMask = 2147483647;
			files = (
			);
			runOnlyForDeploymentPostprocessing = 0;
		};
/* End PBXFrameworksBuildPhase section */

/* Begin PBXGroup section */
		821CDFB41F79E37200CC0AED = {
			isa = PBXGroup;
			children = (
				821CDFBF1F79E37200CC0AED /* ProjectFrame */,
				821CDFDB1F79E37200CC0AED /* ProjectFrameTests */,
				821CDFE61F79E37200CC0AED /* ProjectFrameUITests */,
				821CDFBE1F79E37200CC0AED /* Products */,
			);
			sourceTree = "<group>";
		};
		821CDFBE1F79E37200CC0AED /* Products */ = {
			isa = PBXGroup;
			children = (
				821CDFBD1F79E37200CC0AED /* ProjectFrame.app */,
				821CDFD81F79E37200CC0AED /* ProjectFrameTests.xctest */,
				821CDFE31F79E37200CC0AED /* ProjectFrameUITests.xctest */,
			);
			name = Products;
			sourceTree = "<group>";
		};
		821CDFBF1F79E37200CC0AED /* ProjectFrame */ = {
			isa = PBXGroup;
			children = (
				821CDFC01F79E37200CC0AED /* AppDelegate.h */,
				821CDFC11F79E37200CC0AED /* AppDelegate.m */,
				821CDFF81F79E5E500CC0AED /* Resources */,
				821CDFF71F79E5D500CC0AED /* ViewController */,
				821CDFF61F79E5CC00CC0AED /* Tools */,
				821CDFF51F79E5AF00CC0AED /* ThirdLib */,
				821CE0351F79E6DE00CC0AED /* Common */,
				821CDFC61F79E37200CC0AED /* Main.storyboard */,
				821CDFCC1F79E37200CC0AED /* Assets.xcassets */,
				821CDFCE1F79E37200CC0AED /* LaunchScreen.storyboard */,
				821CDFD11F79E37200CC0AED /* Info.plist */,
				821CDFD21F79E37200CC0AED /* main.m */,
				821CDFC91F79E37200CC0AED /* ProjectFrame.xcdatamodeld */,
			);
			path = ProjectFrame;
			sourceTree = "<group>";
		};
		821CDFDB1F79E37200CC0AED /* ProjectFrameTests */ = {
			isa = PBXGroup;
			children = (
				821CDFDC1F79E37200CC0AED /* ProjectFrameTests.m */,
				821CDFDE1F79E37200CC0AED /* Info.plist */,
			);
			path = ProjectFrameTests;
			sourceTree = "<group>";
		};
		821CDFE61F79E37200CC0AED /* ProjectFrameUITests */ = {
			isa = PBXGroup;
			children = (
				821CDFE71F79E37200CC0AED /* ProjectFrameUITests.m */,
				821CDFE91F79E37200CC0AED /* Info.plist */,
			);
			path = ProjectFrameUITests;
			sourceTree = "<group>";
		};
		821CDFF51F79E5AF00CC0AED /* ThirdLib */ = {
			isa = PBXGroup;
			children = (
				821CE0371F79E81600CC0AED /* CYLTabBarController */,
				821CE0321F79E6BB00CC0AED /* ClearNav */,
				821CDFFA1F79E6BB00CC0AED /* MBprogressHUD */,
				821CE0221F79E6BB00CC0AED /* SDCycleScrollView */,
				821CE0001F79E6BB00CC0AED /* SDWebImage */,
			);
			path = ThirdLib;
			sourceTree = "<group>";
		};
		821CDFF61F79E5CC00CC0AED /* Tools */ = {
			isa = PBXGroup;
			children = (
				821CE0411F79E87400CC0AED /* MSUtil.h */,
				821CE0421F79E87400CC0AED /* MSUtil.m */,
			);
			path = Tools;
			sourceTree = "<group>";
		};
		821CDFF71F79E5D500CC0AED /* ViewController */ = {
			isa = PBXGroup;
			children = (
				821CE0441F79E9E900CC0AED /* BaseViewController */,
			);
			path = ViewController;
			sourceTree = "<group>";
		};
		821CDFF81F79E5E500CC0AED /* Resources */ = {
			isa = PBXGroup;
			children = (
			);
			path = Resources;
			sourceTree = "<group>";
		};
		821CDFFA1F79E6BB00CC0AED /* MBprogressHUD */ = {
			isa = PBXGroup;
			children = (
				821CDFFB1F79E6BB00CC0AED /* MBProgressHUD+Show.h */,
				821CDFFC1F79E6BB00CC0AED /* MBProgressHUD+Show.m */,
				821CDFFD1F79E6BB00CC0AED /* MBProgressHUD.bundle */,
				821CDFFE1F79E6BB00CC0AED /* MBProgressHUD.h */,
				821CDFFF1F79E6BB00CC0AED /* MBProgressHUD.m */,
			);
			path = MBprogressHUD;
			sourceTree = "<group>";
		};
		821CE0001F79E6BB00CC0AED /* SDWebImage */ = {
			isa = PBXGroup;
			children = (
				821CE0011F79E6BB00CC0AED /* MKAnnotationView+WebCache.h */,
				821CE0021F79E6BB00CC0AED /* MKAnnotationView+WebCache.m */,
				821CE0031F79E6BB00CC0AED /* NSData+ImageContentType.h */,
				821CE0041F79E6BB00CC0AED /* NSData+ImageContentType.m */,
				821CE0051F79E6BB00CC0AED /* SDImageCache.h */,
				821CE0061F79E6BB00CC0AED /* SDImageCache.m */,
				821CE0071F79E6BB00CC0AED /* SDWebImageCompat.h */,
				821CE0081F79E6BB00CC0AED /* SDWebImageCompat.m */,
				821CE0091F79E6BB00CC0AED /* SDWebImageDecoder.h */,
				821CE00A1F79E6BB00CC0AED /* SDWebImageDecoder.m */,
				821CE00B1F79E6BB00CC0AED /* SDWebImageDownloader.h */,
				821CE00C1F79E6BB00CC0AED /* SDWebImageDownloader.m */,
				821CE00D1F79E6BB00CC0AED /* SDWebImageDownloaderOperation.h */,
				821CE00E1F79E6BB00CC0AED /* SDWebImageDownloaderOperation.m */,
				821CE00F1F79E6BB00CC0AED /* SDWebImageManager.h */,
				821CE0101F79E6BB00CC0AED /* SDWebImageManager.m */,
				821CE0111F79E6BB00CC0AED /* SDWebImageOperation.h */,
				821CE0121F79E6BB00CC0AED /* SDWebImagePrefetcher.h */,
				821CE0131F79E6BB00CC0AED /* SDWebImagePrefetcher.m */,
				821CE0141F79E6BB00CC0AED /* UIButton+WebCache.h */,
				821CE0151F79E6BB00CC0AED /* UIButton+WebCache.m */,
				821CE0161F79E6BB00CC0AED /* UIImage+GIF.h */,
				821CE0171F79E6BB00CC0AED /* UIImage+GIF.m */,
				821CE0181F79E6BB00CC0AED /* UIImage+MultiFormat.h */,
				821CE0191F79E6BB00CC0AED /* UIImage+MultiFormat.m */,
				821CE01A1F79E6BB00CC0AED /* UIImage+WebP.h */,
				821CE01B1F79E6BB00CC0AED /* UIImage+WebP.m */,
				821CE01C1F79E6BB00CC0AED /* UIImageView+HighlightedWebCache.h */,
				821CE01D1F79E6BB00CC0AED /* UIImageView+HighlightedWebCache.m */,
				821CE01E1F79E6BB00CC0AED /* UIImageView+WebCache.h */,
				821CE01F1F79E6BB00CC0AED /* UIImageView+WebCache.m */,
				821CE0201F79E6BB00CC0AED /* UIView+WebCacheOperation.h */,
				821CE0211F79E6BB00CC0AED /* UIView+WebCacheOperation.m */,
			);
			path = SDWebImage;
			sourceTree = "<group>";
		};
		821CE0221F79E6BB00CC0AED /* SDCycleScrollView */ = {
			isa = PBXGroup;
			children = (
				821CE0231F79E6BB00CC0AED /* PageControl */,
				821CE02C1F79E6BB00CC0AED /* SDCollectionViewCell.h */,
				821CE02D1F79E6BB00CC0AED /* SDCollectionViewCell.m */,
				821CE02E1F79E6BB00CC0AED /* SDCycleScrollView.h */,
				821CE02F1F79E6BB00CC0AED /* SDCycleScrollView.m */,
				821CE0301F79E6BB00CC0AED /* UIView+SDExtension.h */,
				821CE0311F79E6BB00CC0AED /* UIView+SDExtension.m */,
			);
			path = SDCycleScrollView;
			sourceTree = "<group>";
		};
		821CE0231F79E6BB00CC0AED /* PageControl */ = {
			isa = PBXGroup;
			children = (
				821CE0241F79E6BB00CC0AED /* TAAbstractDotView.h */,
				821CE0251F79E6BB00CC0AED /* TAAbstractDotView.m */,
				821CE0261F79E6BB00CC0AED /* TAAnimatedDotView.h */,
				821CE0271F79E6BB00CC0AED /* TAAnimatedDotView.m */,
				821CE0281F79E6BB00CC0AED /* TADotView.h */,
				821CE0291F79E6BB00CC0AED /* TADotView.m */,
				821CE02A1F79E6BB00CC0AED /* TAPageControl.h */,
				821CE02B1F79E6BB00CC0AED /* TAPageControl.m */,
			);
			path = PageControl;
			sourceTree = "<group>";
		};
		821CE0321F79E6BB00CC0AED /* ClearNav */ = {
			isa = PBXGroup;
			children = (
				821CE0331F79E6BB00CC0AED /* UINavigationBar+alpha.h */,
				821CE0341F79E6BB00CC0AED /* UINavigationBar+alpha.m */,
			);
			path = ClearNav;
			sourceTree = "<group>";
		};
		821CE0351F79E6DE00CC0AED /* Common */ = {
			isa = PBXGroup;
			children = (
				821CDFF91F79E65200CC0AED /* ProjectFramePch.pch */,
				821CE0361F79E72C00CC0AED /* Macro.h */,
			);
			path = Common;
			sourceTree = "<group>";
		};
		821CE0371F79E81600CC0AED /* CYLTabBarController */ = {
			isa = PBXGroup;
			children = (
				821CE0381F79E81600CC0AED /* CYLConstants.h */,
				821CE0391F79E81600CC0AED /* CYLPlusButton.h */,
				821CE03A1F79E81600CC0AED /* CYLPlusButton.m */,
				821CE03B1F79E81600CC0AED /* CYLTabBar.h */,
				821CE03C1F79E81600CC0AED /* CYLTabBar.m */,
				821CE03D1F79E81600CC0AED /* CYLTabBarController.h */,
				821CE03E1F79E81600CC0AED /* CYLTabBarController.m */,
				821CE03F1F79E81600CC0AED /* UIViewController+CYLTabBarControllerExtention.h */,
				821CE0401F79E81600CC0AED /* UIViewController+CYLTabBarControllerExtention.m */,
			);
			path = CYLTabBarController;
			sourceTree = "<group>";
		};
		821CE0441F79E9E900CC0AED /* BaseViewController */ = {
			isa = PBXGroup;
			children = (
				821CE0451F79EA1600CC0AED /* BaseNavigationController.h */,
				821CE0461F79EA1600CC0AED /* BaseNavigationController.m */,
				821CE0481F79EA2F00CC0AED /* BaseViewController.h */,
				821CE0491F79EA2F00CC0AED /* BaseViewController.m */,
				821CE04B1F79EA6000CC0AED /* BaseWebViewController.h */,
				821CE04C1F79EA6000CC0AED /* BaseWebViewController.m */,
				821CE04E1F79EB1300CC0AED /* UIViewController+PopBlock.h */,
				821CE04F1F79EB1300CC0AED /* UIViewController+PopBlock.m */,
			);
			path = BaseViewController;
			sourceTree = "<group>";
		};
/* End PBXGroup section */

/* Begin PBXNativeTarget section */
		821CDFBC1F79E37200CC0AED /* ProjectFrame */ = {
			isa = PBXNativeTarget;
			buildConfigurationList = 821CDFEC1F79E37200CC0AED /* Build configuration list for PBXNativeTarget "ProjectFrame" */;
			buildPhases = (
				821CDFB91F79E37200CC0AED /* Sources */,
				821CDFBA1F79E37200CC0AED /* Frameworks */,
				821CDFBB1F79E37200CC0AED /* Resources */,
			);
			buildRules = (
			);
			dependencies = (
			);
			name = ProjectFrame;
			productName = ProjectFrame;
			productReference = 821CDFBD1F79E37200CC0AED /* ProjectFrame.app */;
			productType = "com.apple.product-type.application";
		};
		821CDFD71F79E37200CC0AED /* ProjectFrameTests */ = {
			isa = PBXNativeTarget;
			buildConfigurationList = 821CDFEF1F79E37200CC0AED /* Build configuration list for PBXNativeTarget "ProjectFrameTests" */;
			buildPhases = (
				821CDFD41F79E37200CC0AED /* Sources */,
				821CDFD51F79E37200CC0AED /* Frameworks */,
				821CDFD61F79E37200CC0AED /* Resources */,
			);
			buildRules = (
			);
			dependencies = (
				821CDFDA1F79E37200CC0AED /* PBXTargetDependency */,
			);
			name = ProjectFrameTests;
			productName = ProjectFrameTests;
			productReference = 821CDFD81F79E37200CC0AED /* ProjectFrameTests.xctest */;
			productType = "com.apple.product-type.bundle.unit-test";
		};
		821CDFE21F79E37200CC0AED /* ProjectFrameUITests */ = {
			isa = PBXNativeTarget;
			buildConfigurationList = 821CDFF21F79E37200CC0AED /* Build configuration list for PBXNativeTarget "ProjectFrameUITests" */;
			buildPhases = (
				821CDFDF1F79E37200CC0AED /* Sources */,
				821CDFE01F79E37200CC0AED /* Frameworks */,
				821CDFE11F79E37200CC0AED /* Resources */,
			);
			buildRules = (
			);
			dependencies = (
				821CDFE51F79E37200CC0AED /* PBXTargetDependency */,
			);
			name = ProjectFrameUITests;
			productName = ProjectFrameUITests;
			productReference = 821CDFE31F79E37200CC0AED /* ProjectFrameUITests.xctest */;
			productType = "com.apple.product-type.bundle.ui-testing";
		};
/* End PBXNativeTarget section */

/* Begin PBXProject section */
		821CDFB51F79E37200CC0AED /* Project object */ = {
			isa = PBXProject;
			attributes = {
				LastUpgradeCheck = 0900;
				ORGANIZATIONNAME = "BlueSkyer-25";
				TargetAttributes = {
					821CDFBC1F79E37200CC0AED = {
						CreatedOnToolsVersion = 9.0;
						ProvisioningStyle = Automatic;
					};
					821CDFD71F79E37200CC0AED = {
						CreatedOnToolsVersion = 9.0;
						ProvisioningStyle = Automatic;
						TestTargetID = 821CDFBC1F79E37200CC0AED;
					};
					821CDFE21F79E37200CC0AED = {
						CreatedOnToolsVersion = 9.0;
						ProvisioningStyle = Automatic;
						TestTargetID = 821CDFBC1F79E37200CC0AED;
					};
				};
			};
			buildConfigurationList = 821CDFB81F79E37200CC0AED /* Build configuration list for PBXProject "ProjectFrame" */;
			compatibilityVersion = "Xcode 8.0";
			developmentRegion = en;
			hasScannedForEncodings = 0;
			knownRegions = (
				en,
				Base,
			);
			mainGroup = 821CDFB41F79E37200CC0AED;
			productRefGroup = 821CDFBE1F79E37200CC0AED /* Products */;
			projectDirPath = "";
			projectRoot = "";
			targets = (
				821CDFBC1F79E37200CC0AED /* ProjectFrame */,
				821CDFD71F79E37200CC0AED /* ProjectFrameTests */,
				821CDFE21F79E37200CC0AED /* ProjectFrameUITests */,
			);
		};
/* End PBXProject section */

/* Begin PBXResourcesBuildPhase section */
		821CDFBB1F79E37200CC0AED /* Resources */ = {
			isa = PBXResourcesBuildPhase;
			buildActionMask = 2147483647;
			files = (
				821CDFD01F79E37200CC0AED /* LaunchScreen.storyboard in Resources */,
				821CDFCD1F79E37200CC0AED /* Assets.xcassets in Resources */,
				821CDFC81F79E37200CC0AED /* Main.storyboard in Resources */,
			);
			runOnlyForDeploymentPostprocessing = 0;
		};
		821CDFD61F79E37200CC0AED /* Resources */ = {
			isa = PBXResourcesBuildPhase;
			buildActionMask = 2147483647;
			files = (
			);
			runOnlyForDeploymentPostprocessing = 0;
		};
		821CDFE11F79E37200CC0AED /* Resources */ = {
			isa = PBXResourcesBuildPhase;
			buildActionMask = 2147483647;
			files = (
			);
			runOnlyForDeploymentPostprocessing = 0;
		};
/* End PBXResourcesBuildPhase section */

/* Begin PBXSourcesBuildPhase section */
		821CDFB91F79E37200CC0AED /* Sources */ = {
			isa = PBXSourcesBuildPhase;
			buildActionMask = 2147483647;
			files = (
				821CE0501F79EB1300CC0AED /* UIViewController+PopBlock.m in Sources */,
				821CDFC21F79E37200CC0AED /* AppDelegate.m in Sources */,
				821CE04D1F79EA6000CC0AED /* BaseWebViewController.m in Sources */,
				821CE04A1F79EA2F00CC0AED /* BaseViewController.m in Sources */,
				821CE0431F79E87400CC0AED /* MSUtil.m in Sources */,
				821CDFD31F79E37200CC0AED /* main.m in Sources */,
				821CDFCB1F79E37200CC0AED /* ProjectFrame.xcdatamodeld in Sources */,
				821CE0471F79EA1600CC0AED /* BaseNavigationController.m in Sources */,
			);
			runOnlyForDeploymentPostprocessing = 0;
		};
		821CDFD41F79E37200CC0AED /* Sources */ = {
			isa = PBXSourcesBuildPhase;
			buildActionMask = 2147483647;
			files = (
				821CDFDD1F79E37200CC0AED /* ProjectFrameTests.m in Sources */,
			);
			runOnlyForDeploymentPostprocessing = 0;
		};
		821CDFDF1F79E37200CC0AED /* Sources */ = {
			isa = PBXSourcesBuildPhase;
			buildActionMask = 2147483647;
			files = (
				821CDFE81F79E37200CC0AED /* ProjectFrameUITests.m in Sources */,
			);
			runOnlyForDeploymentPostprocessing = 0;
		};
/* End PBXSourcesBuildPhase section */

/* Begin PBXTargetDependency section */
		821CDFDA1F79E37200CC0AED /* PBXTargetDependency */ = {
			isa = PBXTargetDependency;
			target = 821CDFBC1F79E37200CC0AED /* ProjectFrame */;
			targetProxy = 821CDFD91F79E37200CC0AED /* PBXContainerItemProxy */;
		};
		821CDFE51F79E37200CC0AED /* PBXTargetDependency */ = {
			isa = PBXTargetDependency;
			target = 821CDFBC1F79E37200CC0AED /* ProjectFrame */;
			targetProxy = 821CDFE41F79E37200CC0AED /* PBXContainerItemProxy */;
		};
/* End PBXTargetDependency section */

/* Begin PBXVariantGroup section */
		821CDFC61F79E37200CC0AED /* Main.storyboard */ = {
			isa = PBXVariantGroup;
			children = (
				821CDFC71F79E37200CC0AED /* Base */,
			);
			name = Main.storyboard;
			sourceTree = "<group>";
		};
		821CDFCE1F79E37200CC0AED /* LaunchScreen.storyboard */ = {
			isa = PBXVariantGroup;
			children = (
				821CDFCF1F79E37200CC0AED /* Base */,
			);
			name = LaunchScreen.storyboard;
			sourceTree = "<group>";
		};
/* End PBXVariantGroup section */

/* Begin XCBuildConfiguration section */
		821CDFEA1F79E37200CC0AED /* Debug */ = {
			isa = XCBuildConfiguration;
			buildSettings = {
				ALWAYS_SEARCH_USER_PATHS = NO;
				CLANG_ANALYZER_NONNULL = YES;
				CLANG_ANALYZER_NUMBER_OBJECT_CONVERSION = YES_AGGRESSIVE;
				CLANG_CXX_LANGUAGE_STANDARD = "gnu++14";
				CLANG_CXX_LIBRARY = "libc++";
				CLANG_ENABLE_MODULES = YES;
				CLANG_ENABLE_OBJC_ARC = YES;
				CLANG_WARN_BLOCK_CAPTURE_AUTORELEASING = YES;
				CLANG_WARN_BOOL_CONVERSION = YES;
				CLANG_WARN_COMMA = YES;
				CLANG_WARN_CONSTANT_CONVERSION = YES;
				CLANG_WARN_DIRECT_OBJC_ISA_USAGE = YES_ERROR;
				CLANG_WARN_DOCUMENTATION_COMMENTS = YES;
				CLANG_WARN_EMPTY_BODY = YES;
				CLANG_WARN_ENUM_CONVERSION = YES;
				CLANG_WARN_INFINITE_RECURSION = YES;
				CLANG_WARN_INT_CONVERSION = YES;
				CLANG_WARN_NON_LITERAL_NULL_CONVERSION = YES;
				CLANG_WARN_OBJC_LITERAL_CONVERSION = YES;
				CLANG_WARN_OBJC_ROOT_CLASS = YES_ERROR;
				CLANG_WARN_RANGE_LOOP_ANALYSIS = YES;
				CLANG_WARN_STRICT_PROTOTYPES = YES;
				CLANG_WARN_SUSPICIOUS_MOVE = YES;
				CLANG_WARN_UNGUARDED_AVAILABILITY = YES_AGGRESSIVE;
				CLANG_WARN_UNREACHABLE_CODE = YES;
				CLANG_WARN__DUPLICATE_METHOD_MATCH = YES;
				CODE_SIGN_IDENTITY = "iPhone Developer";
				COPY_PHASE_STRIP = NO;
				DEBUG_INFORMATION_FORMAT = dwarf;
				ENABLE_STRICT_OBJC_MSGSEND = YES;
				ENABLE_TESTABILITY = YES;
				GCC_C_LANGUAGE_STANDARD = gnu11;
				GCC_DYNAMIC_NO_PIC = NO;
				GCC_NO_COMMON_BLOCKS = YES;
				GCC_OPTIMIZATION_LEVEL = 0;
				GCC_PREPROCESSOR_DEFINITIONS = (
					"DEBUG=1",
					"$(inherited)",
				);
				GCC_WARN_64_TO_32_BIT_CONVERSION = YES;
				GCC_WARN_ABOUT_RETURN_TYPE = YES_ERROR;
				GCC_WARN_UNDECLARED_SELECTOR = YES;
				GCC_WARN_UNINITIALIZED_AUTOS = YES_AGGRESSIVE;
				GCC_WARN_UNUSED_FUNCTION = YES;
				GCC_WARN_UNUSED_VARIABLE = YES;
				IPHONEOS_DEPLOYMENT_TARGET = 11.0;
				MTL_ENABLE_DEBUG_INFO = YES;
				ONLY_ACTIVE_ARCH = YES;
				SDKROOT = iphoneos;
			};
			name = Debug;
		};
		821CDFEB1F79E37200CC0AED /* Release */ = {
			isa = XCBuildConfiguration;
			buildSettings = {
				ALWAYS_SEARCH_USER_PATHS = NO;
				CLANG_ANALYZER_NONNULL = YES;
				CLANG_ANALYZER_NUMBER_OBJECT_CONVERSION = YES_AGGRESSIVE;
				CLANG_CXX_LANGUAGE_STANDARD = "gnu++14";
				CLANG_CXX_LIBRARY = "libc++";
				CLANG_ENABLE_MODULES = YES;
				CLANG_ENABLE_OBJC_ARC = YES;
				CLANG_WARN_BLOCK_CAPTURE_AUTORELEASING = YES;
				CLANG_WARN_BOOL_CONVERSION = YES;
				CLANG_WARN_COMMA = YES;
				CLANG_WARN_CONSTANT_CONVERSION = YES;
				CLANG_WARN_DIRECT_OBJC_ISA_USAGE = YES_ERROR;
				CLANG_WARN_DOCUMENTATION_COMMENTS = YES;
				CLANG_WARN_EMPTY_BODY = YES;
				CLANG_WARN_ENUM_CONVERSION = YES;
				CLANG_WARN_INFINITE_RECURSION = YES;
				CLANG_WARN_INT_CONVERSION = YES;
				CLANG_WARN_NON_LITERAL_NULL_CONVERSION = YES;
				CLANG_WARN_OBJC_LITERAL_CONVERSION = YES;
				CLANG_WARN_OBJC_ROOT_CLASS = YES_ERROR;
				CLANG_WARN_RANGE_LOOP_ANALYSIS = YES;
				CLANG_WARN_STRICT_PROTOTYPES = YES;
				CLANG_WARN_SUSPICIOUS_MOVE = YES;
				CLANG_WARN_UNGUARDED_AVAILABILITY = YES_AGGRESSIVE;
				CLANG_WARN_UNREACHABLE_CODE = YES;
				CLANG_WARN__DUPLICATE_METHOD_MATCH = YES;
				CODE_SIGN_IDENTITY = "iPhone Developer";
				COPY_PHASE_STRIP = NO;
				DEBUG_INFORMATION_FORMAT = "dwarf-with-dsym";
				ENABLE_NS_ASSERTIONS = NO;
				ENABLE_STRICT_OBJC_MSGSEND = YES;
				GCC_C_LANGUAGE_STANDARD = gnu11;
				GCC_NO_COMMON_BLOCKS = YES;
				GCC_WARN_64_TO_32_BIT_CONVERSION = YES;
				GCC_WARN_ABOUT_RETURN_TYPE = YES_ERROR;
				GCC_WARN_UNDECLARED_SELECTOR = YES;
				GCC_WARN_UNINITIALIZED_AUTOS = YES_AGGRESSIVE;
				GCC_WARN_UNUSED_FUNCTION = YES;
				GCC_WARN_UNUSED_VARIABLE = YES;
				IPHONEOS_DEPLOYMENT_TARGET = 11.0;
				MTL_ENABLE_DEBUG_INFO = NO;
				SDKROOT = iphoneos;
				VALIDATE_PRODUCT = YES;
			};
			name = Release;
		};
		821CDFED1F79E37200CC0AED /* Debug */ = {
			isa = XCBuildConfiguration;
			buildSettings = {
				ASSETCATALOG_COMPILER_APPICON_NAME = AppIcon;
				CODE_SIGN_STYLE = Automatic;
				DEVELOPMENT_TEAM = P9TSVR4F6P;
				GCC_PRECOMPILE_PREFIX_HEADER = YES;
				GCC_PREFIX_HEADER = /Users/shengxuandianzi/Desktop/SunBoyDocument/ProjectFrame/ProjectFrame/Common/ProjectFramePch.pch;
				INFOPLIST_FILE = ProjectFrame/Info.plist;
				LD_RUNPATH_SEARCH_PATHS = "$(inherited) @executable_path/Frameworks";
				PRODUCT_BUNDLE_IDENTIFIER = JDL.ProjectFrame;
				PRODUCT_NAME = "$(TARGET_NAME)";
				TARGETED_DEVICE_FAMILY = "1,2";
			};
			name = Debug;
		};
		821CDFEE1F79E37200CC0AED /* Release */ = {
			isa = XCBuildConfiguration;
			buildSettings = {
				ASSETCATALOG_COMPILER_APPICON_NAME = AppIcon;
				CODE_SIGN_STYLE = Automatic;
				DEVELOPMENT_TEAM = P9TSVR4F6P;
				GCC_PRECOMPILE_PREFIX_HEADER = YES;
				GCC_PREFIX_HEADER = /Users/shengxuandianzi/Desktop/SunBoyDocument/ProjectFrame/ProjectFrame/Common/ProjectFramePch.pch;
				INFOPLIST_FILE = ProjectFrame/Info.plist;
				LD_RUNPATH_SEARCH_PATHS = "$(inherited) @executable_path/Frameworks";
				PRODUCT_BUNDLE_IDENTIFIER = JDL.ProjectFrame;
				PRODUCT_NAME = "$(TARGET_NAME)";
				TARGETED_DEVICE_FAMILY = "1,2";
			};
			name = Release;
		};
		821CDFF01F79E37200CC0AED /* Debug */ = {
			isa = XCBuildConfiguration;
			buildSettings = {
				BUNDLE_LOADER = "$(TEST_HOST)";
				CODE_SIGN_STYLE = Automatic;
				DEVELOPMENT_TEAM = P9TSVR4F6P;
				INFOPLIST_FILE = ProjectFrameTests/Info.plist;
				LD_RUNPATH_SEARCH_PATHS = "$(inherited) @executable_path/Frameworks @loader_path/Frameworks";
				PRODUCT_BUNDLE_IDENTIFIER = JDL.ProjectFrameTests;
				PRODUCT_NAME = "$(TARGET_NAME)";
				TARGETED_DEVICE_FAMILY = "1,2";
				TEST_HOST = "$(BUILT_PRODUCTS_DIR)/ProjectFrame.app/ProjectFrame";
			};
			name = Debug;
		};
		821CDFF11F79E37200CC0AED /* Release */ = {
			isa = XCBuildConfiguration;
			buildSettings = {
				BUNDLE_LOADER = "$(TEST_HOST)";
				CODE_SIGN_STYLE = Automatic;
				DEVELOPMENT_TEAM = P9TSVR4F6P;
				INFOPLIST_FILE = ProjectFrameTests/Info.plist;
				LD_RUNPATH_SEARCH_PATHS = "$(inherited) @executable_path/Frameworks @loader_path/Frameworks";
				PRODUCT_BUNDLE_IDENTIFIER = JDL.ProjectFrameTests;
				PRODUCT_NAME = "$(TARGET_NAME)";
				TARGETED_DEVICE_FAMILY = "1,2";
				TEST_HOST = "$(BUILT_PRODUCTS_DIR)/ProjectFrame.app/ProjectFrame";
			};
			name = Release;
		};
		821CDFF31F79E37200CC0AED /* Debug */ = {
			isa = XCBuildConfiguration;
			buildSettings = {
				CODE_SIGN_STYLE = Automatic;
				DEVELOPMENT_TEAM = P9TSVR4F6P;
				INFOPLIST_FILE = ProjectFrameUITests/Info.plist;
				LD_RUNPATH_SEARCH_PATHS = "$(inherited) @executable_path/Frameworks @loader_path/Frameworks";
				PRODUCT_BUNDLE_IDENTIFIER = JDL.ProjectFrameUITests;
				PRODUCT_NAME = "$(TARGET_NAME)";
				TARGETED_DEVICE_FAMILY = "1,2";
				TEST_TARGET_NAME = ProjectFrame;
			};
			name = Debug;
		};
		821CDFF41F79E37200CC0AED /* Release */ = {
			isa = XCBuildConfiguration;
			buildSettings = {
				CODE_SIGN_STYLE = Automatic;
				DEVELOPMENT_TEAM = P9TSVR4F6P;
				INFOPLIST_FILE = ProjectFrameUITests/Info.plist;
				LD_RUNPATH_SEARCH_PATHS = "$(inherited) @executable_path/Frameworks @loader_path/Frameworks";
				PRODUCT_BUNDLE_IDENTIFIER = JDL.ProjectFrameUITests;
				PRODUCT_NAME = "$(TARGET_NAME)";
				TARGETED_DEVICE_FAMILY = "1,2";
				TEST_TARGET_NAME = ProjectFrame;
			};
			name = Release;
		};
/* End XCBuildConfiguration section */

/* Begin XCConfigurationList section */
		821CDFB81F79E37200CC0AED /* Build configuration list for PBXProject "ProjectFrame" */ = {
			isa = XCConfigurationList;
			buildConfigurations = (
				821CDFEA1F79E37200CC0AED /* Debug */,
				821CDFEB1F79E37200CC0AED /* Release */,
			);
			defaultConfigurationIsVisible = 0;
			defaultConfigurationName = Release;
		};
		821CDFEC1F79E37200CC0AED /* Build configuration list for PBXNativeTarget "ProjectFrame" */ = {
			isa = XCConfigurationList;
			buildConfigurations = (
				821CDFED1F79E37200CC0AED /* Debug */,
				821CDFEE1F79E37200CC0AED /* Release */,
			);
			defaultConfigurationIsVisible = 0;
			defaultConfigurationName = Release;
		};
		821CDFEF1F79E37200CC0AED /* Build configuration list for PBXNativeTarget "ProjectFrameTests" */ = {
			isa = XCConfigurationList;
			buildConfigurations = (
				821CDFF01F79E37200CC0AED /* Debug */,
				821CDFF11F79E37200CC0AED /* Release */,
			);
			defaultConfigurationIsVisible = 0;
			defaultConfigurationName = Release;
		};
		821CDFF21F79E37200CC0AED /* Build configuration list for PBXNativeTarget "ProjectFrameUITests" */ = {
			isa = XCConfigurationList;
			buildConfigurations = (
				821CDFF31F79E37200CC0AED /* Debug */,
				821CDFF41F79E37200CC0AED /* Release */,
			);
			defaultConfigurationIsVisible = 0;
			defaultConfigurationName = Release;
		};
/* End XCConfigurationList section */

/* Begin XCVersionGroup section */
		821CDFC91F79E37200CC0AED /* ProjectFrame.xcdatamodeld */ = {
			isa = XCVersionGroup;
			children = (
				821CDFCA1F79E37200CC0AED /* ProjectFrame.xcdatamodel */,
			);
			currentVersion = 821CDFCA1F79E37200CC0AED /* ProjectFrame.xcdatamodel */;
			path = ProjectFrame.xcdatamodeld;
			sourceTree = "<group>";
			versionGroupType = wrapper.xcdatamodel;
		};
/* End XCVersionGroup section */
	};
	rootObject = 821CDFB51F79E37200CC0AED /* Project object */;
}
